// !$*UTF8*$!
{
	archiveVersion = 1;
	classes = {
	};
	objectVersion = 70;
	objects = {

/* Begin PBXBuildFile section */
		3D008D3D29B67B8300AD3565 /* Charts.swift in Sources */ = {isa = PBXBuildFile; fileRef = 3D008D3C29B67B8300AD3565 /* Charts.swift */; };
		3D008D4229B67F8300AD3565 /* DonutChartView.swift in Sources */ = {isa = PBXBuildFile; fileRef = 3D008D4129B67F8300AD3565 /* DonutChartView.swift */; };
		3D063B9D2F89B20C00B4458A /* AboutLocTracView.swift in Sources */ = {isa = PBXBuildFile; fileRef = 3D063B9C2F89B20C00B4458A /* AboutLocTracView.swift */; };
		3D063BA02F89B4EB00B4458A /* CHANGELOG.md in Resources */ = {isa = PBXBuildFile; fileRef = 3D85466F2F81F2F000E9FF13 /* CHANGELOG.md */; };
		3D063BA12F89B4EB00B4458A /* README.md in Resources */ = {isa = PBXBuildFile; fileRef = 3D1E00242F79E655004BC4D3 /* README.md */; };
		3D063BA22F89B4EB00B4458A /* LICENSE.md in Resources */ = {isa = PBXBuildFile; fileRef = 3D1E00252F79E65C004BC4D3 /* LICENSE.md */; };
		3D065F4D29DD02200078E77A /* LocationsView.swift in Sources */ = {isa = PBXBuildFile; fileRef = 3D065F4829DD02200078E77A /* LocationsView.swift */; };
		3D065F4E29DD02200078E77A /* LocationPreviewView.swift in Sources */ = {isa = PBXBuildFile; fileRef = 3D065F4929DD02200078E77A /* LocationPreviewView.swift */; };
		3D065F4F29DD02200078E77A /* LocationMapAnnotationView.swift in Sources */ = {isa = PBXBuildFile; fileRef = 3D065F4A29DD02200078E77A /* LocationMapAnnotationView.swift */; };
		3D065F5029DD02200078E77A /* LocationDetailView.swift in Sources */ = {isa = PBXBuildFile; fileRef = 3D065F4B29DD02200078E77A /* LocationDetailView.swift */; };
		3D065F5129DD02200078E77A /* LocationsMapListView.swift in Sources */ = {isa = PBXBuildFile; fileRef = 3D065F4C29DD02200078E77A /* LocationsMapListView.swift */; };
		3D09FBD92EF61F89001376B9 /* OtherCitiesListView.swift.swift in Sources */ = {isa = PBXBuildFile; fileRef = 3D09FBD82EF61F6E001376B9 /* OtherCitiesListView.swift.swift */; };
		3D19B6932F7CB47100F17C49 /* Affirmation.swift in Sources */ = {isa = PBXBuildFile; fileRef = 3D19B6922F7CB47100F17C49 /* Affirmation.swift */; };
		3D19B6952F7CB50F00F17C49 /* AffirmationsLibraryView.swift in Sources */ = {isa = PBXBuildFile; fileRef = 3D19B6942F7CB50F00F17C49 /* AffirmationsLibraryView.swift */; };
		3D19B6982F7D624700F17C49 /* AffirmationSelectorView.swift in Sources */ = {isa = PBXBuildFile; fileRef = 3D19B6972F7D624700F17C49 /* AffirmationSelectorView.swift */; };
		3D19B6992F7D624700F17C49 /* AffirmationEditorView.swift in Sources */ = {isa = PBXBuildFile; fileRef = 3D19B6962F7D624700F17C49 /* AffirmationEditorView.swift */; };
		3D19B69F2F7DA49200F17C49 /* ManagementView.swift in Sources */ = {isa = PBXBuildFile; fileRef = 3D19B69E2F7DA49200F17C49 /* ManagementView.swift */; };
		3D1E00172F7997E7004BC4D3 /* TravelHistoryView.swift in Sources */ = {isa = PBXBuildFile; fileRef = 3D1E00162F7997E7004BC4D3 /* TravelHistoryView.swift */; };
		3D1E89562F8D80CD0068BD33 /* CountryNameMapper.swift in Sources */ = {isa = PBXBuildFile; fileRef = 3D1E89552F8D80CD0068BD33 /* CountryNameMapper.swift */; };
		3D1E896C2F8D99710068BD33 /* DebugConfig.swift in Sources */ = {isa = PBXBuildFile; fileRef = 3D1E896B2F8D99710068BD33 /* DebugConfig.swift */; };
		3D2CC2572F7B599E00CC0BF1 /* TimelineRestoreView.swift in Sources */ = {isa = PBXBuildFile; fileRef = 3D2CC2562F7B599E00CC0BF1 /* TimelineRestoreView.swift */; };
		3D32CE772F6F112500CEC497 /* ReverseGeocoderHelper.swift in Sources */ = {isa = PBXBuildFile; fileRef = 3D32CE762F6F112500CEC497 /* ReverseGeocoderHelper.swift */; };
		3D43857B29E5B5D900ED1E6A /* LocationManager.swift in Sources */ = {isa = PBXBuildFile; fileRef = 3D43857A29E5B5D900ED1E6A /* LocationManager.swift */; };
		3D481E9229B8D7D00016C6ED /* Theme.swift in Sources */ = {isa = PBXBuildFile; fileRef = 3D481E9129B8D7D00016C6ED /* Theme.swift */; };
		3D481E9429B8DB0E0016C6ED /* ThemePicker.swift in Sources */ = {isa = PBXBuildFile; fileRef = 3D481E9329B8DB0E0016C6ED /* ThemePicker.swift */; };
		3D481E9629B8DC8D0016C6ED /* ThemeView.swift in Sources */ = {isa = PBXBuildFile; fileRef = 3D481E9529B8DC8D0016C6ED /* ThemeView.swift */; };
		3D5176882F71CB8B00231C27 /* FirstLaunchWizard.swift in Sources */ = {isa = PBXBuildFile; fileRef = 3D5176872F71CB8B00231C27 /* FirstLaunchWizard.swift */; };
		3D51768C2F71CBC000231C27 /* RootView.swift in Sources */ = {isa = PBXBuildFile; fileRef = 3D51768B2F71CBC000231C27 /* RootView.swift */; };
		3D5BED402F8A94F900C98261 /* EDIT_EVENT_COORDINATES_UPDATE.md in Resources */ = {isa = PBXBuildFile; fileRef = 3D5BED3F2F8A94F900C98261 /* EDIT_EVENT_COORDINATES_UPDATE.md */; };
		3D5BED422F8A982C00C98261 /* LONGITUDE_DEBUG_LOGGING.md in Resources */ = {isa = PBXBuildFile; fileRef = 3D5BED412F8A982C00C98261 /* LONGITUDE_DEBUG_LOGGING.md */; };
		3D5BED442F8AA8E800C98261 /* CITY_NAME_UNKNOWN_FIX.md in Resources */ = {isa = PBXBuildFile; fileRef = 3D5BED432F8AA8E800C98261 /* CITY_NAME_UNKNOWN_FIX.md */; };
		3D742BDB2F7A15D200DCD5B5 /* TripRefreshView.swift in Sources */ = {isa = PBXBuildFile; fileRef = 3D742BDA2F7A15D200DCD5B5 /* TripRefreshView.swift */; };
		3D7C1B932F8FD41F008032B9 /* ReleaseNotesParser.swift in Sources */ = {isa = PBXBuildFile; fileRef = 3D7C1B8F2F8FCD16008032B9 /* ReleaseNotesParser.swift */; };
		3D7C1B992F8FD98D008032B9 /* VERSION_1.5_RELEASE_NOTES.md in Resources */ = {isa = PBXBuildFile; fileRef = 3D7C1B982F8FD98D008032B9 /* VERSION_1.5_RELEASE_NOTES.md */; };
		3D955C3C2F8AC3B3001B06DF /* LOCATION_MANAGEMENT_ENHANCEMENTS.md in Resources */ = {isa = PBXBuildFile; fileRef = 3D955C3B2F8AC3B3001B06DF /* LOCATION_MANAGEMENT_ENHANCEMENTS.md */; };
		3D955C3E2F8AC583001B06DF /* LOCATION_MANAGEMENT_ENHANCEMENTS 2.md in Resources */ = {isa = PBXBuildFile; fileRef = 3D955C3D2F8AC583001B06DF /* LOCATION_MANAGEMENT_ENHANCEMENTS 2.md */; };
		3D955C402F8AD50D001B06DF /* LOCATION_UI_FIXES_AND_ARCHITECTURE_CHANGE.md in Resources */ = {isa = PBXBuildFile; fileRef = 3D955C3F2F8AD50D001B06DF /* LOCATION_UI_FIXES_AND_ARCHITECTURE_CHANGE.md */; };
		3D955C422F8AD66A001B06DF /* LOCATION_REFERENCE_MIGRATION_PLAN.md in Resources */ = {isa = PBXBuildFile; fileRef = 3D955C412F8AD66A001B06DF /* LOCATION_REFERENCE_MIGRATION_PLAN.md */; };
		3D955C442F8AD752001B06DF /* TRAVEL_HISTORY_LIST_JUMP_FIX.md in Resources */ = {isa = PBXBuildFile; fileRef = 3D955C432F8AD752001B06DF /* TRAVEL_HISTORY_LIST_JUMP_FIX.md */; };
		3D955C462F8AD8F4001B06DF /* CRITICAL_STATE_FIELD_NOT_SAVING_FIX.md in Resources */ = {isa = PBXBuildFile; fileRef = 3D955C452F8AD8F4001B06DF /* CRITICAL_STATE_FIELD_NOT_SAVING_FIX.md */; };
		3D955C482F8AD9BD001B06DF /* TRAVEL_HISTORY_LOCATION_VIEW_JUMP_FIX.md in Resources */ = {isa = PBXBuildFile; fileRef = 3D955C472F8AD9BD001B06DF /* TRAVEL_HISTORY_LOCATION_VIEW_JUMP_FIX.md */; };
		3D955C4A2F8ADD2B001B06DF /* TRAVEL_HISTORY_DRILL_DOWN_NAVIGATION.md in Resources */ = {isa = PBXBuildFile; fileRef = 3D955C492F8ADD2B001B06DF /* TRAVEL_HISTORY_DRILL_DOWN_NAVIGATION.md */; };
		3D955C4C2F8AE2F8001B06DF /* V15_STATE_FIELD_COMPREHENSIVE_AUDIT.md in Resources */ = {isa = PBXBuildFile; fileRef = 3D955C4B2F8AE2F8001B06DF /* V15_STATE_FIELD_COMPREHENSIVE_AUDIT.md */; };
		3D955C4E2F8AE634001B06DF /* PHASE1_STATE_FIELD_DATA_LAYER_COMPLETE.md in Resources */ = {isa = PBXBuildFile; fileRef = 3D955C4D2F8AE634001B06DF /* PHASE1_STATE_FIELD_DATA_LAYER_COMPLETE.md */; };
		3D955C502F8AEBE9001B06DF /* PHASE2_COMPLETION_INSTRUCTIONS.md in Resources */ = {isa = PBXBuildFile; fileRef = 3D955C4F2F8AEBE9001B06DF /* PHASE2_COMPLETION_INSTRUCTIONS.md */; };
		3D955C522F8AEF86001B06DF /* PHASE2_FINAL_STEPS.md in Resources */ = {isa = PBXBuildFile; fileRef = 3D955C512F8AEF86001B06DF /* PHASE2_FINAL_STEPS.md */; };
		3D955C8F2F8B119D001B06DF /* CountryCodeMapper.swift in Sources */ = {isa = PBXBuildFile; fileRef = 3D955C892F8B119D001B06DF /* CountryCodeMapper.swift */; };
		3D955C932F8C0285001B06DF /* LocationDataEnhancementView.swift in Sources */ = {isa = PBXBuildFile; fileRef = 3D955C922F8C0285001B06DF /* LocationDataEnhancementView.swift */; };
		3D955C952F8C3831001B06DF /* LocationDataEnhancer.swift in Sources */ = {isa = PBXBuildFile; fileRef = 3D955C942F8C3831001B06DF /* LocationDataEnhancer.swift */; };
		3D955C992F8C4BE7001B06DF /* USStateCodeMapper.swift in Sources */ = {isa = PBXBuildFile; fileRef = 3D955C982F8C4BE7001B06DF /* USStateCodeMapper.swift */; };
		3D98EC9C2F742E4700C5B8C0 /* ModernEventsCalendarView.swift in Sources */ = {isa = PBXBuildFile; fileRef = 3D98EC9B2F742E4600C5B8C0 /* ModernEventsCalendarView.swift */; };
		3D98ECA82F74320300C5B8C0 /* ModernEventFormView.swift in Sources */ = {isa = PBXBuildFile; fileRef = 3D98ECA72F74320300C5B8C0 /* ModernEventFormView.swift */; };
		3D98ECB02F74368100C5B8C0 /* DefaultLocationSettingsView.swift in Sources */ = {isa = PBXBuildFile; fileRef = 3D98ECAF2F74368100C5B8C0 /* DefaultLocationSettingsView.swift */; };
		3DA34F792EFC9FF900C9255D /* ImageStore.swift in Sources */ = {isa = PBXBuildFile; fileRef = 3DA34F782EFC9FF800C9255D /* ImageStore.swift */; };
		3DA34F7B2EFD9B5100C9255D /* Person.swift in Sources */ = {isa = PBXBuildFile; fileRef = 3DA34F7A2EFD9B5100C9255D /* Person.swift */; };
		3DA98F3F2F86F0E2003B46BA /* WidgetKit.framework in Frameworks */ = {isa = PBXBuildFile; fileRef = 3DA98F3E2F86F0E2003B46BA /* WidgetKit.framework */; };
		3DA98F412F86F0E2003B46BA /* SwiftUI.framework in Frameworks */ = {isa = PBXBuildFile; fileRef = 3DA98F402F86F0E2003B46BA /* SwiftUI.framework */; };
		3DA98F502F86F0E5003B46BA /* LocTracWidgetExtensionExtension.appex in Embed Foundation Extensions */ = {isa = PBXBuildFile; fileRef = 3DA98F3C2F86F0E2003B46BA /* LocTracWidgetExtensionExtension.appex */; settings = {ATTRIBUTES = (RemoveHeadersOnCopy, ); }; };
		3DA98F572F86F1F6003B46BA /* Affirmation.swift in Sources */ = {isa = PBXBuildFile; fileRef = 3D19B6922F7CB47100F17C49 /* Affirmation.swift */; };
		3DAFFE1F2F78FE840075F790 /* InfographicsView.swift in Sources */ = {isa = PBXBuildFile; fileRef = 3D6E85A82F78F9050090F594 /* InfographicsView.swift */; };
		3DB2C2BE2F82C97D0048A585 /* AppVersionManager.swift in Sources */ = {isa = PBXBuildFile; fileRef = 3DB2C2BD2F82C97D0048A585 /* AppVersionManager.swift */; };
		3DB2C2C02F82C9890048A585 /* WhatsNewFeature.swift in Sources */ = {isa = PBXBuildFile; fileRef = 3DB2C2BF2F82C9890048A585 /* WhatsNewFeature.swift */; };
		3DB2C2C22F82C9980048A585 /* WhatsNewView.swift in Sources */ = {isa = PBXBuildFile; fileRef = 3DB2C2C12F82C9980048A585 /* WhatsNewView.swift */; };
		3DB2C2C42F82C9A10048A585 /* MarkdownDocumentView.swift in Sources */ = {isa = PBXBuildFile; fileRef = 3DB2C2C32F82C9A10048A585 /* MarkdownDocumentView.swift */; };
		3DB4B3362F74816A00E0A42C /* LocationsManagementView.swift in Sources */ = {isa = PBXBuildFile; fileRef = 3DB4B3352F74816A00E0A42C /* LocationsManagementView.swift */; };
		3DB4B3382F74817000E0A42C /* DefaultLocationHelper.swift in Sources */ = {isa = PBXBuildFile; fileRef = 3DB4B3372F74817000E0A42C /* DefaultLocationHelper.swift */; };
		3DB4B3422F74824A00E0A42C /* LOCATION_MANAGEMENT_VISUAL_GUIDE.swift in Sources */ = {isa = PBXBuildFile; fileRef = 3DB4B3412F74824A00E0A42C /* LOCATION_MANAGEMENT_VISUAL_GUIDE.swift */; };
		3DB4B3462F74989E00E0A42C /* LocationSheetEditorModel.swift in Sources */ = {isa = PBXBuildFile; fileRef = 3DB4B3452F74989E00E0A42C /* LocationSheetEditorModel.swift */; };
		3DB4B34C2F74A21700E0A42C /* StateDetector.swift in Sources */ = {isa = PBXBuildFile; fileRef = 3DB4B34B2F74A21700E0A42C /* StateDetector.swift */; };
		3DB4B3562F75229900E0A42C /* InfographicsCacheManager.swift in Sources */ = {isa = PBXBuildFile; fileRef = 3DB4B3552F75229900E0A42C /* InfographicsCacheManager.swift */; };
		3DB4B3582F7522A500E0A42C /* DataStore+InfographicsCache.swift in Sources */ = {isa = PBXBuildFile; fileRef = 3DB4B3572F7522A500E0A42C /* DataStore+InfographicsCache.swift */; };
		3DD040962F88A976006C2A9A /* Activity.swift in Sources */ = {isa = PBXBuildFile; fileRef = 3DD040952F88A976006C2A9A /* Activity.swift */; };
		3DD040982F88AA93006C2A9A /* LocationsMapViewModel.swift in Sources */ = {isa = PBXBuildFile; fileRef = 3DD040972F88AA93006C2A9A /* LocationsMapViewModel.swift */; };
		3DD0409A2F88AAE1006C2A9A /* LocationCoordinateUpdater.swift in Sources */ = {isa = PBXBuildFile; fileRef = 3DD040992F88AAE1006C2A9A /* LocationCoordinateUpdater.swift */; };
		3DD0409C2F88AB83006C2A9A /* NotificationManager.swift in Sources */ = {isa = PBXBuildFile; fileRef = 3DD0409B2F88AB83006C2A9A /* NotificationManager.swift */; };
		3DD0409E2F88ABFA006C2A9A /* StartTabView.swift in Sources */ = {isa = PBXBuildFile; fileRef = 3DD0409D2F88ABFA006C2A9A /* StartTabView.swift */; };
		3DD040A02F88AC24006C2A9A /* ContactsSearchPicker.swift in Sources */ = {isa = PBXBuildFile; fileRef = 3DD0409F2F88AC24006C2A9A /* ContactsSearchPicker.swift */; };
		3DD040A22F88AC8C006C2A9A /* PendingTripItem.swift in Sources */ = {isa = PBXBuildFile; fileRef = 3DD040A12F88AC8C006C2A9A /* PendingTripItem.swift */; };
		3DD040A42F88AD89006C2A9A /* BackupExportView.swift in Sources */ = {isa = PBXBuildFile; fileRef = 3DD040A32F88AD89006C2A9A /* BackupExportView.swift */; };
		3DD040A82F88ADE8006C2A9A /* LocationSyncUtilityView.swift in Sources */ = {isa = PBXBuildFile; fileRef = 3DD040A72F88ADE8006C2A9A /* LocationSyncUtilityView.swift */; };
		3DD040AA2F88AE18006C2A9A /* LocationCoordinateReviewView.swift in Sources */ = {isa = PBXBuildFile; fileRef = 3DD040A92F88AE18006C2A9A /* LocationCoordinateReviewView.swift */; };
		3DD040AE2F88AE53006C2A9A /* ReverseGeocoder.swift in Sources */ = {isa = PBXBuildFile; fileRef = 3DD040AD2F88AE53006C2A9A /* ReverseGeocoder.swift */; };
		3DD040B02F88B543006C2A9A /* GeocodeResult.swift in Sources */ = {isa = PBXBuildFile; fileRef = 3DD040AF2F88B543006C2A9A /* GeocodeResult.swift */; };
		3DD040B22F88B550006C2A9A /* EnhancedGeocoder.swift in Sources */ = {isa = PBXBuildFile; fileRef = 3DD040B12F88B550006C2A9A /* EnhancedGeocoder.swift */; };
		3DD0AA8D29A6EA0E003625C1 /* Assets.xcassets in Resources */ = {isa = PBXBuildFile; fileRef = 3DD0AA8C29A6EA0E003625C1 /* Assets.xcassets */; };
		3DD0AA9029A6EA0E003625C1 /* Preview Assets.xcassets in Resources */ = {isa = PBXBuildFile; fileRef = 3DD0AA8F29A6EA0E003625C1 /* Preview Assets.xcassets */; };
		3DD0AA9929A6EA96003625C1 /* AppEntry.swift in Sources */ = {isa = PBXBuildFile; fileRef = 3DD0AA9829A6EA96003625C1 /* AppEntry.swift */; };
		3DD0AAA029A6EAB8003625C1 /* Locations.swift in Sources */ = {isa = PBXBuildFile; fileRef = 3DD0AA9B29A6EAB8003625C1 /* Locations.swift */; };
		3DD0AAA129A6EAB8003625C1 /* Event.swift in Sources */ = {isa = PBXBuildFile; fileRef = 3DD0AA9C29A6EAB8003625C1 /* Event.swift */; };
		3DD0AABA29A6EAD1003625C1 /* LocationFormViewModel.swift in Sources */ = {isa = PBXBuildFile; fileRef = 3DD0AAA729A6EAD1003625C1 /* LocationFormViewModel.swift */; };
		3DD0AABB29A6EAD1003625C1 /* EventFormViewModel.swift in Sources */ = {isa = PBXBuildFile; fileRef = 3DD0AAA829A6EAD1003625C1 /* EventFormViewModel.swift */; };
		3DD0AABC29A6EAD1003625C1 /* EventFormView.swift in Sources */ = {isa = PBXBuildFile; fileRef = 3DD0AAA929A6EAD1003625C1 /* EventFormView.swift */; };
		3DD0AABD29A6EAD1003625C1 /* LocationFormView.swift in Sources */ = {isa = PBXBuildFile; fileRef = 3DD0AAAA29A6EAD1003625C1 /* LocationFormView.swift */; };
		3DD0AABE29A6EAD1003625C1 /* LocationFormType.swift in Sources */ = {isa = PBXBuildFile; fileRef = 3DD0AAAB29A6EAD1003625C1 /* LocationFormType.swift */; };
		3DD0AABF29A6EAD1003625C1 /* EventFormType.swift in Sources */ = {isa = PBXBuildFile; fileRef = 3DD0AAAC29A6EAD1003625C1 /* EventFormType.swift */; };
		3DD0AAC329A6EAD1003625C1 /* DaysEvents.swift in Sources */ = {isa = PBXBuildFile; fileRef = 3DD0AAB229A6EAD1003625C1 /* DaysEvents.swift */; };
		3DD0AAC429A6EAD1003625C1 /* EventsCalendarView.swift in Sources */ = {isa = PBXBuildFile; fileRef = 3DD0AAB329A6EAD1003625C1 /* EventsCalendarView.swift */; };
		3DD0AAC529A6EAD1003625C1 /* CalendarView.swift in Sources */ = {isa = PBXBuildFile; fileRef = 3DD0AAB429A6EAD1003625C1 /* CalendarView.swift */; };
		3DD0AAC629A6EAD1003625C1 /* LocationLiistViewRow.swift in Sources */ = {isa = PBXBuildFile; fileRef = 3DD0AAB629A6EAD1003625C1 /* LocationLiistViewRow.swift */; };
		3DD0AAC729A6EAD1003625C1 /* ListViewRow.swift in Sources */ = {isa = PBXBuildFile; fileRef = 3DD0AAB729A6EAD1003625C1 /* ListViewRow.swift */; };
		3DD0AAC829A6EAD1003625C1 /* LocationsListView.swift in Sources */ = {isa = PBXBuildFile; fileRef = 3DD0AAB829A6EAD1003625C1 /* LocationsListView.swift */; };
		3DD0AAC929A6EAD1003625C1 /* EventsListView.swift in Sources */ = {isa = PBXBuildFile; fileRef = 3DD0AAB929A6EAD1003625C1 /* EventsListView.swift */; };
		3DD0AACB29A6EAED003625C1 /* Launch Screen.storyboard in Resources */ = {isa = PBXBuildFile; fileRef = 3DD0AACA29A6EAED003625C1 /* Launch Screen.storyboard */; };
		3DD0AACE29A6EB13003625C1 /* Date+Extension.swift in Sources */ = {isa = PBXBuildFile; fileRef = 3DD0AACD29A6EB13003625C1 /* Date+Extension.swift */; };
		3DD4F8A02F7821CB00AD9370 /* HomeView.swift in Sources */ = {isa = PBXBuildFile; fileRef = 3DD4F89F2F7821CB00AD9370 /* HomeView.swift */; };
		3DD5BC5B2F8E882500C8A195 /* claude.md in Resources */ = {isa = PBXBuildFile; fileRef = 3DD5BC5A2F8E882500C8A195 /* claude.md */; };
		3DD5BC5D2F8E887000C8A195 /* ProjectAnalysis.md in Resources */ = {isa = PBXBuildFile; fileRef = 3DD5BC5C2F8E887000C8A195 /* ProjectAnalysis.md */; };
		3DD5BC5F2F8E889A00C8A195 /* Changelog.md in Resources */ = {isa = PBXBuildFile; fileRef = 3DD5BC5E2F8E889A00C8A195 /* Changelog.md */; };
		3DD5BC612F8E88D200C8A195 /* VERSION_1.5_SUMMARY.md in Resources */ = {isa = PBXBuildFile; fileRef = 3DD5BC602F8E88D200C8A195 /* VERSION_1.5_SUMMARY.md */; };
		3DD5BC652F8E8AEB00C8A195 /* VERSION_1.5_COMPLETE_SUMMARY.md in Resources */ = {isa = PBXBuildFile; fileRef = 3DD5BC642F8E8AEB00C8A195 /* VERSION_1.5_COMPLETE_SUMMARY.md */; };
		3DD5BC672F8E8B2B00C8A195 /* VERSION_1.5_CHECKLIST.md in Resources */ = {isa = PBXBuildFile; fileRef = 3DD5BC662F8E8B2B00C8A195 /* VERSION_1.5_CHECKLIST.md */; };
		3DD5BC732F8E93EE00C8A195 /* OrphanedEventsAnalyzer.swift in Sources */ = {isa = PBXBuildFile; fileRef = 3DD5BC722F8E93EE00C8A195 /* OrphanedEventsAnalyzer.swift */; };
		3DD5BC752F8E98D800C8A195 /* OrphanedEventsAnalyzerView.swift in Sources */ = {isa = PBXBuildFile; fileRef = 3DD5BC742F8E98D800C8A195 /* OrphanedEventsAnalyzerView.swift */; };
		3DD6713A29CB897800E54846 /* CardView.swift in Sources */ = {isa = PBXBuildFile; fileRef = 3DD6713929CB897800E54846 /* CardView.swift */; };
		3DDD0BE02F75B94500B2E5EB /* ImportGolfshotView.swift in Sources */ = {isa = PBXBuildFile; fileRef = 3DDD0BDF2F75B94500B2E5EB /* ImportGolfshotView.swift */; };
		3DDD0BEA2F76D8AA00B2E5EB /* RestoreBackupView.swift in Sources */ = {isa = PBXBuildFile; fileRef = 3DDD0BE92F76D8AA00B2E5EB /* RestoreBackupView.swift */; };
		3DEA7F1629B0E57F004F67EF /* DataStore.swift in Sources */ = {isa = PBXBuildFile; fileRef = 3DEA7F1529B0E57F004F67EF /* DataStore.swift */; };
		3DEA7F3C29B15BE0004F67EF /* ImportExport.swift in Sources */ = {isa = PBXBuildFile; fileRef = 3DEA7F3B29B15BE0004F67EF /* ImportExport.swift */; };
		3DEB4FF72F70634A004B6339 /* LocationsUnifiedView.swift in Sources */ = {isa = PBXBuildFile; fileRef = 3DEB4FF62F70634A004B6339 /* LocationsUnifiedView.swift */; };
		3DEB50032F707936004B6339 /* OtherEventDetailView.swift in Sources */ = {isa = PBXBuildFile; fileRef = 3DEB50022F707936004B6339 /* OtherEventDetailView.swift */; };
		3DEB50092F707CE9004B6339 /* OtherCityDetailView.swift in Sources */ = {isa = PBXBuildFile; fileRef = 3DEB50082F707CE9004B6339 /* OtherCityDetailView.swift */; };
		3DEB50132F709068004B6339 /* TravelJourneyView.swift in Sources */ = {isa = PBXBuildFile; fileRef = 3DEB50122F709068004B6339 /* TravelJourneyView.swift */; };
/* End PBXBuildFile section */

/* Begin PBXContainerItemProxy section */
		3DA98F4E2F86F0E5003B46BA /* PBXContainerItemProxy */ = {
			isa = PBXContainerItemProxy;
			containerPortal = 3DD0AA7D29A6EA0C003625C1 /* Project object */;
			proxyType = 1;
			remoteGlobalIDString = 3DA98F3B2F86F0E2003B46BA;
			remoteInfo = LocTracWidgetExtensionExtension;
		};
/* End PBXContainerItemProxy section */

/* Begin PBXCopyFilesBuildPhase section */
		3DA98F552F86F0E5003B46BA /* Embed Foundation Extensions */ = {
			isa = PBXCopyFilesBuildPhase;
			buildActionMask = 2147483647;
			dstPath = "";
			dstSubfolderSpec = 13;
			files = (
				3DA98F502F86F0E5003B46BA /* LocTracWidgetExtensionExtension.appex in Embed Foundation Extensions */,
			);
			name = "Embed Foundation Extensions";
			runOnlyForDeploymentPostprocessing = 0;
		};
/* End PBXCopyFilesBuildPhase section */

/* Begin PBXFileReference section */
		3D008D3C29B67B8300AD3565 /* Charts.swift */ = {isa = PBXFileReference; lastKnownFileType = sourcecode.swift; path = Charts.swift; sourceTree = "<group>"; };
		3D008D4129B67F8300AD3565 /* DonutChartView.swift */ = {isa = PBXFileReference; lastKnownFileType = sourcecode.swift; path = DonutChartView.swift; sourceTree = "<group>"; };
		3D063B9C2F89B20C00B4458A /* AboutLocTracView.swift */ = {isa = PBXFileReference; lastKnownFileType = sourcecode.swift; path = AboutLocTracView.swift; sourceTree = "<group>"; };
		3D065F4829DD02200078E77A /* LocationsView.swift */ = {isa = PBXFileReference; fileEncoding = 4; lastKnownFileType = sourcecode.swift; path = LocationsView.swift; sourceTree = "<group>"; };
		3D065F4929DD02200078E77A /* LocationPreviewView.swift */ = {isa = PBXFileReference; fileEncoding = 4; lastKnownFileType = sourcecode.swift; path = LocationPreviewView.swift; sourceTree = "<group>"; };
		3D065F4A29DD02200078E77A /* LocationMapAnnotationView.swift */ = {isa = PBXFileReference; fileEncoding = 4; lastKnownFileType = sourcecode.swift; path = LocationMapAnnotationView.swift; sourceTree = "<group>"; };
		3D065F4B29DD02200078E77A /* LocationDetailView.swift */ = {isa = PBXFileReference; fileEncoding = 4; lastKnownFileType = sourcecode.swift; path = LocationDetailView.swift; sourceTree = "<group>"; };
		3D065F4C29DD02200078E77A /* LocationsMapListView.swift */ = {isa = PBXFileReference; fileEncoding = 4; lastKnownFileType = sourcecode.swift; path = LocationsMapListView.swift; sourceTree = "<group>"; };
		3D09FBD82EF61F6E001376B9 /* OtherCitiesListView.swift.swift */ = {isa = PBXFileReference; lastKnownFileType = sourcecode.swift; path = OtherCitiesListView.swift.swift; sourceTree = "<group>"; };
		3D19B6922F7CB47100F17C49 /* Affirmation.swift */ = {isa = PBXFileReference; lastKnownFileType = sourcecode.swift; path = Affirmation.swift; sourceTree = "<group>"; };
		3D19B6942F7CB50F00F17C49 /* AffirmationsLibraryView.swift */ = {isa = PBXFileReference; lastKnownFileType = sourcecode.swift; path = AffirmationsLibraryView.swift; sourceTree = "<group>"; };
		3D19B6962F7D624700F17C49 /* AffirmationEditorView.swift */ = {isa = PBXFileReference; lastKnownFileType = sourcecode.swift; path = AffirmationEditorView.swift; sourceTree = "<group>"; };
		3D19B6972F7D624700F17C49 /* AffirmationSelectorView.swift */ = {isa = PBXFileReference; lastKnownFileType = sourcecode.swift; path = AffirmationSelectorView.swift; sourceTree = "<group>"; };
		3D19B69E2F7DA49200F17C49 /* ManagementView.swift */ = {isa = PBXFileReference; lastKnownFileType = sourcecode.swift; path = ManagementView.swift; sourceTree = "<group>"; };
		3D1E00162F7997E7004BC4D3 /* TravelHistoryView.swift */ = {isa = PBXFileReference; lastKnownFileType = sourcecode.swift; path = TravelHistoryView.swift; sourceTree = "<group>"; };
		3D1E00242F79E655004BC4D3 /* README.md */ = {isa = PBXFileReference; lastKnownFileType = net.daringfireball.markdown; path = README.md; sourceTree = "<group>"; };
		3D1E00252F79E65C004BC4D3 /* LICENSE.md */ = {isa = PBXFileReference; lastKnownFileType = net.daringfireball.markdown; path = LICENSE.md; sourceTree = "<group>"; };
		3D1E89552F8D80CD0068BD33 /* CountryNameMapper.swift */ = {isa = PBXFileReference; lastKnownFileType = sourcecode.swift; path = CountryNameMapper.swift; sourceTree = "<group>"; };
		3D1E896B2F8D99710068BD33 /* DebugConfig.swift */ = {isa = PBXFileReference; lastKnownFileType = sourcecode.swift; path = DebugConfig.swift; sourceTree = "<group>"; };
		3D2CC24F2F7B54CA00CC0BF1 /* BACKLOG.MD */ = {isa = PBXFileReference; lastKnownFileType = net.daringfireball.markdown; path = BACKLOG.MD; sourceTree = "<group>"; };
		3D2CC2562F7B599E00CC0BF1 /* TimelineRestoreView.swift */ = {isa = PBXFileReference; lastKnownFileType = sourcecode.swift; path = TimelineRestoreView.swift; sourceTree = "<group>"; };
		3D32CE762F6F112500CEC497 /* ReverseGeocoderHelper.swift */ = {isa = PBXFileReference; lastKnownFileType = sourcecode.swift; path = ReverseGeocoderHelper.swift; sourceTree = "<group>"; };
		3D43857A29E5B5D900ED1E6A /* LocationManager.swift */ = {isa = PBXFileReference; lastKnownFileType = sourcecode.swift; path = LocationManager.swift; sourceTree = "<group>"; };
		3D481E9129B8D7D00016C6ED /* Theme.swift */ = {isa = PBXFileReference; fileEncoding = 4; lastKnownFileType = sourcecode.swift; path = Theme.swift; sourceTree = "<group>"; };
		3D481E9329B8DB0E0016C6ED /* ThemePicker.swift */ = {isa = PBXFileReference; fileEncoding = 4; lastKnownFileType = sourcecode.swift; path = ThemePicker.swift; sourceTree = "<group>"; };
		3D481E9529B8DC8D0016C6ED /* ThemeView.swift */ = {isa = PBXFileReference; fileEncoding = 4; lastKnownFileType = sourcecode.swift; path = ThemeView.swift; sourceTree = "<group>"; };
		3D5176872F71CB8B00231C27 /* FirstLaunchWizard.swift */ = {isa = PBXFileReference; lastKnownFileType = sourcecode.swift; path = FirstLaunchWizard.swift; sourceTree = "<group>"; };
		3D51768B2F71CBC000231C27 /* RootView.swift */ = {isa = PBXFileReference; lastKnownFileType = sourcecode.swift; path = RootView.swift; sourceTree = "<group>"; };
		3D5176B52F720ADC00231C27 /* InfographicsView.swift */ = {isa = PBXFileReference; lastKnownFileType = sourcecode.swift; path = InfographicsView.swift; sourceTree = "<group>"; };
		3D5BED3F2F8A94F900C98261 /* EDIT_EVENT_COORDINATES_UPDATE.md */ = {isa = PBXFileReference; lastKnownFileType = net.daringfireball.markdown; path = EDIT_EVENT_COORDINATES_UPDATE.md; sourceTree = "<group>"; };
		3D5BED412F8A982C00C98261 /* LONGITUDE_DEBUG_LOGGING.md */ = {isa = PBXFileReference; lastKnownFileType = net.daringfireball.markdown; path = LONGITUDE_DEBUG_LOGGING.md; sourceTree = "<group>"; };
		3D5BED432F8AA8E800C98261 /* CITY_NAME_UNKNOWN_FIX.md */ = {isa = PBXFileReference; lastKnownFileType = net.daringfireball.markdown; path = CITY_NAME_UNKNOWN_FIX.md; sourceTree = "<group>"; };
		3D6E85A82F78F9050090F594 /* InfographicsView.swift */ = {isa = PBXFileReference; lastKnownFileType = sourcecode.swift; path = InfographicsView.swift; sourceTree = "<group>"; };
		3D742BDA2F7A15D200DCD5B5 /* TripRefreshView.swift */ = {isa = PBXFileReference; lastKnownFileType = sourcecode.swift; path = TripRefreshView.swift; sourceTree = "<group>"; };
		3D7C1B8F2F8FCD16008032B9 /* ReleaseNotesParser.swift */ = {isa = PBXFileReference; lastKnownFileType = sourcecode.swift; path = ReleaseNotesParser.swift; sourceTree = "<group>"; };
		3D7C1B982F8FD98D008032B9 /* VERSION_1.5_RELEASE_NOTES.md */ = {isa = PBXFileReference; lastKnownFileType = net.daringfireball.markdown; path = VERSION_1.5_RELEASE_NOTES.md; sourceTree = "<group>"; };
		3D85466F2F81F2F000E9FF13 /* CHANGELOG.md */ = {isa = PBXFileReference; lastKnownFileType = net.daringfireball.markdown; path = CHANGELOG.md; sourceTree = "<group>"; };
		3D918BD329ABFEB5004A724C /* Seed.json */ = {isa = PBXFileReference; fileEncoding = 4; lastKnownFileType = text.json; path = Seed.json; sourceTree = "<group>"; };
		3D955C3B2F8AC3B3001B06DF /* LOCATION_MANAGEMENT_ENHANCEMENTS.md */ = {isa = PBXFileReference; lastKnownFileType = net.daringfireball.markdown; path = LOCATION_MANAGEMENT_ENHANCEMENTS.md; sourceTree = "<group>"; };
		3D955C3D2F8AC583001B06DF /* LOCATION_MANAGEMENT_ENHANCEMENTS 2.md */ = {isa = PBXFileReference; lastKnownFileType = net.daringfireball.markdown; path = "LOCATION_MANAGEMENT_ENHANCEMENTS 2.md"; sourceTree = "<group>"; };
		3D955C3F2F8AD50D001B06DF /* LOCATION_UI_FIXES_AND_ARCHITECTURE_CHANGE.md */ = {isa = PBXFileReference; lastKnownFileType = net.daringfireball.markdown; path = LOCATION_UI_FIXES_AND_ARCHITECTURE_CHANGE.md; sourceTree = "<group>"; };
		3D955C412F8AD66A001B06DF /* LOCATION_REFERENCE_MIGRATION_PLAN.md */ = {isa = PBXFileReference; lastKnownFileType = net.daringfireball.markdown; path = LOCATION_REFERENCE_MIGRATION_PLAN.md; sourceTree = "<group>"; };
		3D955C432F8AD752001B06DF /* TRAVEL_HISTORY_LIST_JUMP_FIX.md */ = {isa = PBXFileReference; lastKnownFileType = net.daringfireball.markdown; path = TRAVEL_HISTORY_LIST_JUMP_FIX.md; sourceTree = "<group>"; };
		3D955C452F8AD8F4001B06DF /* CRITICAL_STATE_FIELD_NOT_SAVING_FIX.md */ = {isa = PBXFileReference; lastKnownFileType = net.daringfireball.markdown; path = CRITICAL_STATE_FIELD_NOT_SAVING_FIX.md; sourceTree = "<group>"; };
		3D955C472F8AD9BD001B06DF /* TRAVEL_HISTORY_LOCATION_VIEW_JUMP_FIX.md */ = {isa = PBXFileReference; lastKnownFileType = net.daringfireball.markdown; path = TRAVEL_HISTORY_LOCATION_VIEW_JUMP_FIX.md; sourceTree = "<group>"; };
		3D955C492F8ADD2B001B06DF /* TRAVEL_HISTORY_DRILL_DOWN_NAVIGATION.md */ = {isa = PBXFileReference; lastKnownFileType = net.daringfireball.markdown; path = TRAVEL_HISTORY_DRILL_DOWN_NAVIGATION.md; sourceTree = "<group>"; };
		3D955C4B2F8AE2F8001B06DF /* V15_STATE_FIELD_COMPREHENSIVE_AUDIT.md */ = {isa = PBXFileReference; lastKnownFileType = net.daringfireball.markdown; path = V15_STATE_FIELD_COMPREHENSIVE_AUDIT.md; sourceTree = "<group>"; };
		3D955C4D2F8AE634001B06DF /* PHASE1_STATE_FIELD_DATA_LAYER_COMPLETE.md */ = {isa = PBXFileReference; lastKnownFileType = net.daringfireball.markdown; path = PHASE1_STATE_FIELD_DATA_LAYER_COMPLETE.md; sourceTree = "<group>"; };
		3D955C4F2F8AEBE9001B06DF /* PHASE2_COMPLETION_INSTRUCTIONS.md */ = {isa = PBXFileReference; lastKnownFileType = net.daringfireball.markdown; path = PHASE2_COMPLETION_INSTRUCTIONS.md; sourceTree = "<group>"; };
		3D955C512F8AEF86001B06DF /* PHASE2_FINAL_STEPS.md */ = {isa = PBXFileReference; lastKnownFileType = net.daringfireball.markdown; path = PHASE2_FINAL_STEPS.md; sourceTree = "<group>"; };
		3D955C892F8B119D001B06DF /* CountryCodeMapper.swift */ = {isa = PBXFileReference; lastKnownFileType = sourcecode.swift; path = CountryCodeMapper.swift; sourceTree = "<group>"; };
		3D955C922F8C0285001B06DF /* LocationDataEnhancementView.swift */ = {isa = PBXFileReference; lastKnownFileType = sourcecode.swift; path = LocationDataEnhancementView.swift; sourceTree = "<group>"; };
		3D955C942F8C3831001B06DF /* LocationDataEnhancer.swift */ = {isa = PBXFileReference; lastKnownFileType = sourcecode.swift; path = LocationDataEnhancer.swift; sourceTree = "<group>"; };
		3D955C982F8C4BE7001B06DF /* USStateCodeMapper.swift */ = {isa = PBXFileReference; lastKnownFileType = sourcecode.swift; path = USStateCodeMapper.swift; sourceTree = "<group>"; };
		3D98EC9B2F742E4600C5B8C0 /* ModernEventsCalendarView.swift */ = {isa = PBXFileReference; lastKnownFileType = sourcecode.swift; path = ModernEventsCalendarView.swift; sourceTree = "<group>"; };
		3D98ECA72F74320300C5B8C0 /* ModernEventFormView.swift */ = {isa = PBXFileReference; lastKnownFileType = sourcecode.swift; path = ModernEventFormView.swift; sourceTree = "<group>"; };
		3D98ECAF2F74368100C5B8C0 /* DefaultLocationSettingsView.swift */ = {isa = PBXFileReference; lastKnownFileType = sourcecode.swift; path = DefaultLocationSettingsView.swift; sourceTree = "<group>"; };
		3DA34F782EFC9FF800C9255D /* ImageStore.swift */ = {isa = PBXFileReference; lastKnownFileType = sourcecode.swift; path = ImageStore.swift; sourceTree = "<group>"; };
		3DA34F7A2EFD9B5100C9255D /* Person.swift */ = {isa = PBXFileReference; lastKnownFileType = sourcecode.swift; path = Person.swift; sourceTree = "<group>"; };
		3DA98EEB2F8606AE003B46BA /* INFOGRAPHICS_SHARE_FIX.md */ = {isa = PBXFileReference; lastKnownFileType = net.daringfireball.markdown; path = INFOGRAPHICS_SHARE_FIX.md; sourceTree = "<group>"; };
		3DA98EED2F8607B8003B46BA /* SHARE_BUTTON_ACTUAL_FIX.md */ = {isa = PBXFileReference; lastKnownFileType = net.daringfireball.markdown; path = SHARE_BUTTON_ACTUAL_FIX.md; sourceTree = "<group>"; };
		3DA98F3C2F86F0E2003B46BA /* LocTracWidgetExtensionExtension.appex */ = {isa = PBXFileReference; explicitFileType = "wrapper.app-extension"; includeInIndex = 0; path = LocTracWidgetExtensionExtension.appex; sourceTree = BUILT_PRODUCTS_DIR; };
		3DA98F3E2F86F0E2003B46BA /* WidgetKit.framework */ = {isa = PBXFileReference; lastKnownFileType = wrapper.framework; name = WidgetKit.framework; path = System/Library/Frameworks/WidgetKit.framework; sourceTree = SDKROOT; };
		3DA98F402F86F0E2003B46BA /* SwiftUI.framework */ = {isa = PBXFileReference; lastKnownFileType = wrapper.framework; name = SwiftUI.framework; path = System/Library/Frameworks/SwiftUI.framework; sourceTree = SDKROOT; };
		3DA98F5A2F86FB0F003B46BA /* LocTrac.entitlements */ = {isa = PBXFileReference; lastKnownFileType = text.plist.entitlements; path = LocTrac.entitlements; sourceTree = "<group>"; };
		3DB2C2BD2F82C97D0048A585 /* AppVersionManager.swift */ = {isa = PBXFileReference; lastKnownFileType = sourcecode.swift; path = AppVersionManager.swift; sourceTree = "<group>"; };
		3DB2C2BF2F82C9890048A585 /* WhatsNewFeature.swift */ = {isa = PBXFileReference; lastKnownFileType = sourcecode.swift; path = WhatsNewFeature.swift; sourceTree = "<group>"; };
		3DB2C2C12F82C9980048A585 /* WhatsNewView.swift */ = {isa = PBXFileReference; lastKnownFileType = sourcecode.swift; path = WhatsNewView.swift; sourceTree = "<group>"; };
		3DB2C2C32F82C9A10048A585 /* MarkdownDocumentView.swift */ = {isa = PBXFileReference; lastKnownFileType = sourcecode.swift; path = MarkdownDocumentView.swift; sourceTree = "<group>"; };
		3DB2C2D12F82ECF30048A585 /* WIZARD_AFFIRMATIONS_FEATURE.md */ = {isa = PBXFileReference; lastKnownFileType = net.daringfireball.markdown; path = WIZARD_AFFIRMATIONS_FEATURE.md; sourceTree = "<group>"; };
		3DB2C2D32F82F21F0048A585 /* AFFIRMATIONS_BACKUP_IMPORT.md */ = {isa = PBXFileReference; lastKnownFileType = net.daringfireball.markdown; path = AFFIRMATIONS_BACKUP_IMPORT.md; sourceTree = "<group>"; };
		3DB2C2D52F82F5510048A585 /* AFFIRMATIONS_IMPORT_BUG_FIX.md */ = {isa = PBXFileReference; lastKnownFileType = net.daringfireball.markdown; path = AFFIRMATIONS_IMPORT_BUG_FIX.md; sourceTree = "<group>"; };
		3DB2C2D72F82F6250048A585 /* CRITICAL_BUGS_FIXED.md */ = {isa = PBXFileReference; lastKnownFileType = net.daringfireball.markdown; path = CRITICAL_BUGS_FIXED.md; sourceTree = "<group>"; };
		3DB2C2D92F8305870048A585 /* IMPORT_UX_IMPROVEMENTS.md */ = {isa = PBXFileReference; lastKnownFileType = net.daringfireball.markdown; path = IMPORT_UX_IMPROVEMENTS.md; sourceTree = "<group>"; };
		3DB2C2DF2F85BF460048A585 /* CLAUDE.md */ = {isa = PBXFileReference; lastKnownFileType = net.daringfireball.markdown; path = CLAUDE.md; sourceTree = "<group>"; };
		3DB4B3352F74816A00E0A42C /* LocationsManagementView.swift */ = {isa = PBXFileReference; lastKnownFileType = sourcecode.swift; path = LocationsManagementView.swift; sourceTree = "<group>"; };
		3DB4B3372F74817000E0A42C /* DefaultLocationHelper.swift */ = {isa = PBXFileReference; lastKnownFileType = sourcecode.swift; path = DefaultLocationHelper.swift; sourceTree = "<group>"; };
		3DB4B3412F74824A00E0A42C /* LOCATION_MANAGEMENT_VISUAL_GUIDE.swift */ = {isa = PBXFileReference; lastKnownFileType = sourcecode.swift; path = LOCATION_MANAGEMENT_VISUAL_GUIDE.swift; sourceTree = "<group>"; };
		3DB4B3452F74989E00E0A42C /* LocationSheetEditorModel.swift */ = {isa = PBXFileReference; lastKnownFileType = sourcecode.swift; path = LocationSheetEditorModel.swift; sourceTree = "<group>"; };
		3DB4B34B2F74A21700E0A42C /* StateDetector.swift */ = {isa = PBXFileReference; lastKnownFileType = sourcecode.swift; path = StateDetector.swift; sourceTree = "<group>"; };
		3DB4B3552F75229900E0A42C /* InfographicsCacheManager.swift */ = {isa = PBXFileReference; lastKnownFileType = sourcecode.swift; path = InfographicsCacheManager.swift; sourceTree = "<group>"; };
		3DB4B3572F7522A500E0A42C /* DataStore+InfographicsCache.swift */ = {isa = PBXFileReference; lastKnownFileType = sourcecode.swift; path = "DataStore+InfographicsCache.swift"; sourceTree = "<group>"; };
		3DBA385929A6EEE700B2295A /* Info.plist */ = {isa = PBXFileReference; lastKnownFileType = text.plist.xml; path = Info.plist; sourceTree = "<group>"; };
		3DD040952F88A976006C2A9A /* Activity.swift */ = {isa = PBXFileReference; lastKnownFileType = sourcecode.swift; path = Activity.swift; sourceTree = "<group>"; };
		3DD040972F88AA93006C2A9A /* LocationsMapViewModel.swift */ = {isa = PBXFileReference; lastKnownFileType = sourcecode.swift; path = LocationsMapViewModel.swift; sourceTree = "<group>"; };
		3DD040992F88AAE1006C2A9A /* LocationCoordinateUpdater.swift */ = {isa = PBXFileReference; lastKnownFileType = sourcecode.swift; path = LocationCoordinateUpdater.swift; sourceTree = "<group>"; };
		3DD0409B2F88AB83006C2A9A /* NotificationManager.swift */ = {isa = PBXFileReference; lastKnownFileType = sourcecode.swift; path = NotificationManager.swift; sourceTree = "<group>"; };
		3DD0409D2F88ABFA006C2A9A /* StartTabView.swift */ = {isa = PBXFileReference; lastKnownFileType = sourcecode.swift; path = StartTabView.swift; sourceTree = "<group>"; };
		3DD0409F2F88AC24006C2A9A /* ContactsSearchPicker.swift */ = {isa = PBXFileReference; lastKnownFileType = sourcecode.swift; path = ContactsSearchPicker.swift; sourceTree = "<group>"; };
		3DD040A12F88AC8C006C2A9A /* PendingTripItem.swift */ = {isa = PBXFileReference; lastKnownFileType = sourcecode.swift; path = PendingTripItem.swift; sourceTree = "<group>"; };
		3DD040A32F88AD89006C2A9A /* BackupExportView.swift */ = {isa = PBXFileReference; lastKnownFileType = sourcecode.swift; path = BackupExportView.swift; sourceTree = "<group>"; };
		3DD040A72F88ADE8006C2A9A /* LocationSyncUtilityView.swift */ = {isa = PBXFileReference; lastKnownFileType = sourcecode.swift; path = LocationSyncUtilityView.swift; sourceTree = "<group>"; };
		3DD040A92F88AE18006C2A9A /* LocationCoordinateReviewView.swift */ = {isa = PBXFileReference; lastKnownFileType = sourcecode.swift; path = LocationCoordinateReviewView.swift; sourceTree = "<group>"; };
		3DD040AD2F88AE53006C2A9A /* ReverseGeocoder.swift */ = {isa = PBXFileReference; lastKnownFileType = sourcecode.swift; path = ReverseGeocoder.swift; sourceTree = "<group>"; };
		3DD040AF2F88B543006C2A9A /* GeocodeResult.swift */ = {isa = PBXFileReference; lastKnownFileType = sourcecode.swift; path = GeocodeResult.swift; sourceTree = "<group>"; };
		3DD040B12F88B550006C2A9A /* EnhancedGeocoder.swift */ = {isa = PBXFileReference; lastKnownFileType = sourcecode.swift; path = EnhancedGeocoder.swift; sourceTree = "<group>"; };
		3DD0AA8529A6EA0C003625C1 /* LocTrac.app */ = {isa = PBXFileReference; explicitFileType = wrapper.application; includeInIndex = 0; path = LocTrac.app; sourceTree = BUILT_PRODUCTS_DIR; };
		3DD0AA8C29A6EA0E003625C1 /* Assets.xcassets */ = {isa = PBXFileReference; lastKnownFileType = folder.assetcatalog; path = Assets.xcassets; sourceTree = "<group>"; };
		3DD0AA8F29A6EA0E003625C1 /* Preview Assets.xcassets */ = {isa = PBXFileReference; lastKnownFileType = folder.assetcatalog; path = "Preview Assets.xcassets"; sourceTree = "<group>"; };
		3DD0AA9829A6EA96003625C1 /* AppEntry.swift */ = {isa = PBXFileReference; fileEncoding = 4; lastKnownFileType = sourcecode.swift; path = AppEntry.swift; sourceTree = "<group>"; };
		3DD0AA9B29A6EAB8003625C1 /* Locations.swift */ = {isa = PBXFileReference; fileEncoding = 4; lastKnownFileType = sourcecode.swift; path = Locations.swift; sourceTree = "<group>"; };
		3DD0AA9C29A6EAB8003625C1 /* Event.swift */ = {isa = PBXFileReference; fileEncoding = 4; lastKnownFileType = sourcecode.swift; path = Event.swift; sourceTree = "<group>"; };
		3DD0AAA729A6EAD1003625C1 /* LocationFormViewModel.swift */ = {isa = PBXFileReference; fileEncoding = 4; lastKnownFileType = sourcecode.swift; path = LocationFormViewModel.swift; sourceTree = "<group>"; };
		3DD0AAA829A6EAD1003625C1 /* EventFormViewModel.swift */ = {isa = PBXFileReference; fileEncoding = 4; lastKnownFileType = sourcecode.swift; path = EventFormViewModel.swift; sourceTree = "<group>"; };
		3DD0AAA929A6EAD1003625C1 /* EventFormView.swift */ = {isa = PBXFileReference; fileEncoding = 4; lastKnownFileType = sourcecode.swift; path = EventFormView.swift; sourceTree = "<group>"; };
		3DD0AAAA29A6EAD1003625C1 /* LocationFormView.swift */ = {isa = PBXFileReference; fileEncoding = 4; lastKnownFileType = sourcecode.swift; path = LocationFormView.swift; sourceTree = "<group>"; };
		3DD0AAAB29A6EAD1003625C1 /* LocationFormType.swift */ = {isa = PBXFileReference; fileEncoding = 4; lastKnownFileType = sourcecode.swift; path = LocationFormType.swift; sourceTree = "<group>"; };
		3DD0AAAC29A6EAD1003625C1 /* EventFormType.swift */ = {isa = PBXFileReference; fileEncoding = 4; lastKnownFileType = sourcecode.swift; path = EventFormType.swift; sourceTree = "<group>"; };
		3DD0AAB229A6EAD1003625C1 /* DaysEvents.swift */ = {isa = PBXFileReference; fileEncoding = 4; lastKnownFileType = sourcecode.swift; path = DaysEvents.swift; sourceTree = "<group>"; };
		3DD0AAB329A6EAD1003625C1 /* EventsCalendarView.swift */ = {isa = PBXFileReference; fileEncoding = 4; lastKnownFileType = sourcecode.swift; path = EventsCalendarView.swift; sourceTree = "<group>"; };
		3DD0AAB429A6EAD1003625C1 /* CalendarView.swift */ = {isa = PBXFileReference; fileEncoding = 4; lastKnownFileType = sourcecode.swift; path = CalendarView.swift; sourceTree = "<group>"; };
		3DD0AAB629A6EAD1003625C1 /* LocationLiistViewRow.swift */ = {isa = PBXFileReference; fileEncoding = 4; lastKnownFileType = sourcecode.swift; path = LocationLiistViewRow.swift; sourceTree = "<group>"; };
		3DD0AAB729A6EAD1003625C1 /* ListViewRow.swift */ = {isa = PBXFileReference; fileEncoding = 4; lastKnownFileType = sourcecode.swift; path = ListViewRow.swift; sourceTree = "<group>"; };
		3DD0AAB829A6EAD1003625C1 /* LocationsListView.swift */ = {isa = PBXFileReference; fileEncoding = 4; lastKnownFileType = sourcecode.swift; path = LocationsListView.swift; sourceTree = "<group>"; };
		3DD0AAB929A6EAD1003625C1 /* EventsListView.swift */ = {isa = PBXFileReference; fileEncoding = 4; lastKnownFileType = sourcecode.swift; path = EventsListView.swift; sourceTree = "<group>"; };
		3DD0AACA29A6EAED003625C1 /* Launch Screen.storyboard */ = {isa = PBXFileReference; fileEncoding = 4; lastKnownFileType = file.storyboard; path = "Launch Screen.storyboard"; sourceTree = "<group>"; };
		3DD0AACD29A6EB13003625C1 /* Date+Extension.swift */ = {isa = PBXFileReference; fileEncoding = 4; lastKnownFileType = sourcecode.swift; path = "Date+Extension.swift"; sourceTree = "<group>"; };
		3DD4F89F2F7821CB00AD9370 /* HomeView.swift */ = {isa = PBXFileReference; lastKnownFileType = sourcecode.swift; path = HomeView.swift; sourceTree = "<group>"; };
		3DD5BC5A2F8E882500C8A195 /* claude.md */ = {isa = PBXFileReference; lastKnownFileType = net.daringfireball.markdown; path = claude.md; sourceTree = "<group>"; };
		3DD5BC5C2F8E887000C8A195 /* ProjectAnalysis.md */ = {isa = PBXFileReference; lastKnownFileType = net.daringfireball.markdown; path = ProjectAnalysis.md; sourceTree = "<group>"; };
		3DD5BC5E2F8E889A00C8A195 /* Changelog.md */ = {isa = PBXFileReference; lastKnownFileType = net.daringfireball.markdown; path = Changelog.md; sourceTree = "<group>"; };
		3DD5BC602F8E88D200C8A195 /* VERSION_1.5_SUMMARY.md */ = {isa = PBXFileReference; lastKnownFileType = net.daringfireball.markdown; path = VERSION_1.5_SUMMARY.md; sourceTree = "<group>"; };
		3DD5BC642F8E8AEB00C8A195 /* VERSION_1.5_COMPLETE_SUMMARY.md */ = {isa = PBXFileReference; lastKnownFileType = net.daringfireball.markdown; path = VERSION_1.5_COMPLETE_SUMMARY.md; sourceTree = "<group>"; };
		3DD5BC662F8E8B2B00C8A195 /* VERSION_1.5_CHECKLIST.md */ = {isa = PBXFileReference; lastKnownFileType = net.daringfireball.markdown; path = VERSION_1.5_CHECKLIST.md; sourceTree = "<group>"; };
		3DD5BC722F8E93EE00C8A195 /* OrphanedEventsAnalyzer.swift */ = {isa = PBXFileReference; lastKnownFileType = sourcecode.swift; path = OrphanedEventsAnalyzer.swift; sourceTree = "<group>"; };
		3DD5BC742F8E98D800C8A195 /* OrphanedEventsAnalyzerView.swift */ = {isa = PBXFileReference; lastKnownFileType = sourcecode.swift; path = OrphanedEventsAnalyzerView.swift; sourceTree = "<group>"; };
		3DD6713929CB897800E54846 /* CardView.swift */ = {isa = PBXFileReference; fileEncoding = 4; lastKnownFileType = sourcecode.swift; path = CardView.swift; sourceTree = "<group>"; };
		3DDD0BDF2F75B94500B2E5EB /* ImportGolfshotView.swift */ = {isa = PBXFileReference; lastKnownFileType = sourcecode.swift; path = ImportGolfshotView.swift; sourceTree = "<group>"; };
		3DDD0BE92F76D8AA00B2E5EB /* RestoreBackupView.swift */ = {isa = PBXFileReference; lastKnownFileType = sourcecode.swift; path = RestoreBackupView.swift; sourceTree = "<group>"; };
		3DEA7F1529B0E57F004F67EF /* DataStore.swift */ = {isa = PBXFileReference; lastKnownFileType = sourcecode.swift; path = DataStore.swift; sourceTree = "<group>"; };
		3DEA7F3B29B15BE0004F67EF /* ImportExport.swift */ = {isa = PBXFileReference; fileEncoding = 4; lastKnownFileType = sourcecode.swift; path = ImportExport.swift; sourceTree = "<group>"; };
		3DEB4FF62F70634A004B6339 /* LocationsUnifiedView.swift */ = {isa = PBXFileReference; lastKnownFileType = sourcecode.swift; path = LocationsUnifiedView.swift; sourceTree = "<group>"; };
		3DEB50022F707936004B6339 /* OtherEventDetailView.swift */ = {isa = PBXFileReference; lastKnownFileType = sourcecode.swift; path = OtherEventDetailView.swift; sourceTree = "<group>"; };
		3DEB50082F707CE9004B6339 /* OtherCityDetailView.swift */ = {isa = PBXFileReference; lastKnownFileType = sourcecode.swift; path = OtherCityDetailView.swift; sourceTree = "<group>"; };
		3DEB50122F709068004B6339 /* TravelJourneyView.swift */ = {isa = PBXFileReference; lastKnownFileType = sourcecode.swift; path = TravelJourneyView.swift; sourceTree = "<group>"; };
/* End PBXFileReference section */

/* Begin PBXFileSystemSynchronizedBuildFileExceptionSet section */
		3D7C1B912F8FCD80008032B9 /* PBXFileSystemSynchronizedBuildFileExceptionSet */ = {
			isa = PBXFileSystemSynchronizedBuildFileExceptionSet;
			membershipExceptions = (
				Releases/v1.5/BUILD_ERRORS_FIX.md,
				Releases/v1.5/CHARTS_AND_UNKNOWN_FIX.md,
				"Releases/v1.5/CITY_NAME_PRESERVATION_FIX 2.md",
				Releases/v1.5/CITY_NAME_PRESERVATION_FIX.md,
				Releases/v1.5/DATA_MANAGEMENT_MENU.md,
				Releases/v1.5/DATASTORE_DEBUG_MIGRATION.md,
				Releases/v1.5/DEBUG_CLEANUP_SUMMARY.md,
				Releases/v1.5/DEBUG_CONCURRENCY_FIX.md,
				Releases/v1.5/DEBUG_CONVERSION_QUICK_REFERENCE.md,
				Releases/v1.5/DEBUG_LOCATION_COLOR.md,
				Releases/v1.5/DEBUG_SUMMARY.md,
				Releases/v1.5/DEBUG_SWIFT6_FINAL_FIX.md,
				Releases/v1.5/DYNAMIC_WHATS_NEW_FINAL_CHECKLIST.md,
				Releases/v1.5/GEOCODING_RATE_LIMIT_FIX.md,
				Releases/v1.5/HOMEVIEW_REFACTOR.md,
				Releases/v1.5/LOCATION_COLOR_PROPAGATION_FIX.md,
				Releases/v1.5/MIGRATION_DATA_PRESERVATION_FIX.md,
				Releases/v1.5/ORPHANED_EVENTS_ANALYSIS.md,
				Releases/v1.5/ORPHANED_EVENTS_IMPORT_FIX.md,
				Releases/v1.5/REBUILD_REQUIRED.md,
				Releases/v1.5/SWIFT6_CONCURRENCY_FIX.md,
			);
			target = 3DD0AA8429A6EA0C003625C1 /* LocTrac */;
		};
		3DA98F512F86F0E5003B46BA /* PBXFileSystemSynchronizedBuildFileExceptionSet */ = {
			isa = PBXFileSystemSynchronizedBuildFileExceptionSet;
			membershipExceptions = (
				Info.plist,
			);
			target = 3DA98F3B2F86F0E2003B46BA /* LocTracWidgetExtensionExtension */;
		};
/* End PBXFileSystemSynchronizedBuildFileExceptionSet section */

/* Begin PBXFileSystemSynchronizedRootGroup section */
		3D1E89712F8D9CDD0068BD33 /* Debug */ = {isa = PBXFileSystemSynchronizedRootGroup; explicitFileTypes = {}; explicitFolders = (); path = Debug; sourceTree = "<group>"; };
		3D7C1B902F8FCD16008032B9 /* Documentation */ = {isa = PBXFileSystemSynchronizedRootGroup; exceptions = (3D7C1B912F8FCD80008032B9 /* PBXFileSystemSynchronizedBuildFileExceptionSet */, ); explicitFileTypes = {}; explicitFolders = (); path = Documentation; sourceTree = "<group>"; };
		3D85466E2F7F0BB700E9FF13 /* Trips */ = {isa = PBXFileSystemSynchronizedRootGroup; explicitFileTypes = {}; explicitFolders = (); path = Trips; sourceTree = "<group>"; };
		3DA98F422F86F0E2003B46BA /* LocTracWidgetExtension */ = {isa = PBXFileSystemSynchronizedRootGroup; exceptions = (3DA98F512F86F0E5003B46BA /* PBXFileSystemSynchronizedBuildFileExceptionSet */, ); explicitFileTypes = {}; explicitFolders = (); path = LocTracWidgetExtension; sourceTree = "<group>"; };
/* End PBXFileSystemSynchronizedRootGroup section */

/* Begin PBXFrameworksBuildPhase section */
		3DA98F392F86F0E2003B46BA /* Frameworks */ = {
			isa = PBXFrameworksBuildPhase;
			buildActionMask = 2147483647;
			files = (
				3DA98F412F86F0E2003B46BA /* SwiftUI.framework in Frameworks */,
				3DA98F3F2F86F0E2003B46BA /* WidgetKit.framework in Frameworks */,
			);
			runOnlyForDeploymentPostprocessing = 0;
		};
		3DD0AA8229A6EA0C003625C1 /* Frameworks */ = {
			isa = PBXFrameworksBuildPhase;
			buildActionMask = 2147483647;
			files = (
			);
			runOnlyForDeploymentPostprocessing = 0;
		};
/* End PBXFrameworksBuildPhase section */

/* Begin PBXGroup section */
		3D008D3E29B67D6900AD3565 /* ChartView */ = {
			isa = PBXGroup;
			children = (
				3D008D4129B67F8300AD3565 /* DonutChartView.swift */,
			);
			path = ChartView;
			sourceTree = "<group>";
		};
		3D065F4729DD01FC0078E77A /* MapView */ = {
			isa = PBXGroup;
			children = (
				3D065F4B29DD02200078E77A /* LocationDetailView.swift */,
				3D065F4A29DD02200078E77A /* LocationMapAnnotationView.swift */,
				3D065F4929DD02200078E77A /* LocationPreviewView.swift */,
				3D065F4C29DD02200078E77A /* LocationsMapListView.swift */,
				3D065F4829DD02200078E77A /* LocationsView.swift */,
				3DA34F782EFC9FF800C9255D /* ImageStore.swift */,
				3DEB50022F707936004B6339 /* OtherEventDetailView.swift */,
				3DEB50082F707CE9004B6339 /* OtherCityDetailView.swift */,
				3DEB50122F709068004B6339 /* TravelJourneyView.swift */,
				3D955C4B2F8AE2F8001B06DF /* V15_STATE_FIELD_COMPREHENSIVE_AUDIT.md */,
				3D955C4D2F8AE634001B06DF /* PHASE1_STATE_FIELD_DATA_LAYER_COMPLETE.md */,
				3D955C4F2F8AEBE9001B06DF /* PHASE2_COMPLETION_INSTRUCTIONS.md */,
				3D955C512F8AEF86001B06DF /* PHASE2_FINAL_STEPS.md */,
			);
			path = MapView;
			sourceTree = "<group>";
		};
		3D08469B29A94D370048C877 /* Services */ = {
			isa = PBXGroup;
			children = (
				3DD040AD2F88AE53006C2A9A /* ReverseGeocoder.swift */,
				3D1E89552F8D80CD0068BD33 /* CountryNameMapper.swift */,
				3D7C1B8F2F8FCD16008032B9 /* ReleaseNotesParser.swift */,
				3DD0409B2F88AB83006C2A9A /* NotificationManager.swift */,
				3DEA7F3B29B15BE0004F67EF /* ImportExport.swift */,
				3D918BD329ABFEB5004A724C /* Seed.json */,
				3DD040B12F88B550006C2A9A /* EnhancedGeocoder.swift */,
			);
			path = Services;
			sourceTree = "<group>";
		};
		3DA98F3D2F86F0E2003B46BA /* Frameworks */ = {
			isa = PBXGroup;
			children = (
				3DA98F3E2F86F0E2003B46BA /* WidgetKit.framework */,
				3DA98F402F86F0E2003B46BA /* SwiftUI.framework */,
			);
			name = Frameworks;
			sourceTree = "<group>";
		};
		3DD0AA7C29A6EA0C003625C1 = {
			isa = PBXGroup;
			children = (
				3DD0AA8729A6EA0C003625C1 /* LocTrac */,
				3DA98F422F86F0E2003B46BA /* LocTracWidgetExtension */,
				3DA98F3D2F86F0E2003B46BA /* Frameworks */,
				3DD0AA8629A6EA0C003625C1 /* Products */,
				3D7C1B982F8FD98D008032B9 /* VERSION_1.5_RELEASE_NOTES.md */,
			);
			sourceTree = "<group>";
		};
		3DD0AA8629A6EA0C003625C1 /* Products */ = {
			isa = PBXGroup;
			children = (
				3DD0AA8529A6EA0C003625C1 /* LocTrac.app */,
				3DA98F3C2F86F0E2003B46BA /* LocTracWidgetExtensionExtension.appex */,
			);
			name = Products;
			sourceTree = "<group>";
		};
		3DD0AA8729A6EA0C003625C1 /* LocTrac */ = {
			isa = PBXGroup;
			children = (
				3D7C1B902F8FCD16008032B9 /* Documentation */,
				3DA98F5A2F86FB0F003B46BA /* LocTrac.entitlements */,
				3DB2C2DF2F85BF460048A585 /* CLAUDE.md */,
				3D1E00242F79E655004BC4D3 /* README.md */,
				3D85466F2F81F2F000E9FF13 /* CHANGELOG.md */,
				3D1E00252F79E65C004BC4D3 /* LICENSE.md */,
				3D2CC24F2F7B54CA00CC0BF1 /* BACKLOG.MD */,
				3DBA385929A6EEE700B2295A /* Info.plist */,
				3DD0AACA29A6EAED003625C1 /* Launch Screen.storyboard */,
				3DD0AA9829A6EA96003625C1 /* AppEntry.swift */,
				3DD0AA9A29A6EAB8003625C1 /* Models */,
				3DD0AAA529A6EAD1003625C1 /* Views */,
				3D08469B29A94D370048C877 /* Services */,
				3DD0AACC29A6EB13003625C1 /* Extensions */,
				3DD0AA8C29A6EA0E003625C1 /* Assets.xcassets */,
				3DD0AA8E29A6EA0E003625C1 /* Preview Content */,
			);
			path = LocTrac;
			sourceTree = "<group>";
		};
		3DD0AA8E29A6EA0E003625C1 /* Preview Content */ = {
			isa = PBXGroup;
			children = (
				3DD0AA8F29A6EA0E003625C1 /* Preview Assets.xcassets */,
			);
			path = "Preview Content";
			sourceTree = "<group>";
		};
		3DD0AA9A29A6EAB8003625C1 /* Models */ = {
			isa = PBXGroup;
			children = (
				3DD040A12F88AC8C006C2A9A /* PendingTripItem.swift */,
				3D1E896B2F8D99710068BD33 /* DebugConfig.swift */,
				3DD040952F88A976006C2A9A /* Activity.swift */,
				3DD0AA9B29A6EAB8003625C1 /* Locations.swift */,
				3DD0AA9C29A6EAB8003625C1 /* Event.swift */,
				3DEA7F1529B0E57F004F67EF /* DataStore.swift */,
				3D008D3C29B67B8300AD3565 /* Charts.swift */,
				3D481E9129B8D7D00016C6ED /* Theme.swift */,
				3D43857A29E5B5D900ED1E6A /* LocationManager.swift */,
				3DA34F7A2EFD9B5100C9255D /* Person.swift */,
				3D5176872F71CB8B00231C27 /* FirstLaunchWizard.swift */,
				3D51768B2F71CBC000231C27 /* RootView.swift */,
				3D742BDA2F7A15D200DCD5B5 /* TripRefreshView.swift */,
				3DD040AF2F88B543006C2A9A /* GeocodeResult.swift */,
			);
			path = Models;
			sourceTree = "<group>";
		};
		3DD0AAA529A6EAD1003625C1 /* Views */ = {
			isa = PBXGroup;
			children = (
				3D1E89712F8D9CDD0068BD33 /* Debug */,
				3DD040A92F88AE18006C2A9A /* LocationCoordinateReviewView.swift */,
				3DD040A72F88ADE8006C2A9A /* LocationSyncUtilityView.swift */,
				3DD040A32F88AD89006C2A9A /* BackupExportView.swift */,
				3DD0409F2F88AC24006C2A9A /* ContactsSearchPicker.swift */,
				3DD0409D2F88ABFA006C2A9A /* StartTabView.swift */,
				3D063B9C2F89B20C00B4458A /* AboutLocTracView.swift */,
				3DD040992F88AAE1006C2A9A /* LocationCoordinateUpdater.swift */,
				3DD040972F88AA93006C2A9A /* LocationsMapViewModel.swift */,
				3D955C892F8B119D001B06DF /* CountryCodeMapper.swift */,
				3D955C982F8C4BE7001B06DF /* USStateCodeMapper.swift */,
				3D955C942F8C3831001B06DF /* LocationDataEnhancer.swift */,
				3D955C922F8C0285001B06DF /* LocationDataEnhancementView.swift */,
				3D85466E2F7F0BB700E9FF13 /* Trips */,
				3D2CC2562F7B599E00CC0BF1 /* TimelineRestoreView.swift */,
				3D6E85A82F78F9050090F594 /* InfographicsView.swift */,
				3DD4F89F2F7821CB00AD9370 /* HomeView.swift */,
				3D1E00162F7997E7004BC4D3 /* TravelHistoryView.swift */,
				3D065F4729DD01FC0078E77A /* MapView */,
				3D481E9329B8DB0E0016C6ED /* ThemePicker.swift */,
				3D481E9529B8DC8D0016C6ED /* ThemeView.swift */,
				3DD6713929CB897800E54846 /* CardView.swift */,
				3D008D3E29B67D6900AD3565 /* ChartView */,
				3DD0AAA629A6EAD1003625C1 /* EditUpdateView */,
				3DD0AAB129A6EAD1003625C1 /* CalendarViewTab */,
				3DD0AAB529A6EAD1003625C1 /* ListView Tab */,
				3DB2C2BD2F82C97D0048A585 /* AppVersionManager.swift */,
				3DB2C2BF2F82C9890048A585 /* WhatsNewFeature.swift */,
				3DB2C2C12F82C9980048A585 /* WhatsNewView.swift */,
				3DB2C2C32F82C9A10048A585 /* MarkdownDocumentView.swift */,
				3DD5BC5A2F8E882500C8A195 /* claude.md */,
				3DD5BC5C2F8E887000C8A195 /* ProjectAnalysis.md */,
				3DD5BC5E2F8E889A00C8A195 /* Changelog.md */,
				3DD5BC602F8E88D200C8A195 /* VERSION_1.5_SUMMARY.md */,
				3DD5BC642F8E8AEB00C8A195 /* VERSION_1.5_COMPLETE_SUMMARY.md */,
				3DD5BC662F8E8B2B00C8A195 /* VERSION_1.5_CHECKLIST.md */,
				3DD5BC722F8E93EE00C8A195 /* OrphanedEventsAnalyzer.swift */,
				3DD5BC742F8E98D800C8A195 /* OrphanedEventsAnalyzerView.swift */,
			);
			path = Views;
			sourceTree = "<group>";
		};
		3DD0AAA629A6EAD1003625C1 /* EditUpdateView */ = {
			isa = PBXGroup;
			children = (
				3DD0AAA829A6EAD1003625C1 /* EventFormViewModel.swift */,
				3DD0AAA929A6EAD1003625C1 /* EventFormView.swift */,
				3DD0AAAC29A6EAD1003625C1 /* EventFormType.swift */,
				3DD0AAA729A6EAD1003625C1 /* LocationFormViewModel.swift */,
				3DD0AAAA29A6EAD1003625C1 /* LocationFormView.swift */,
				3DD0AAAB29A6EAD1003625C1 /* LocationFormType.swift */,
				3D32CE762F6F112500CEC497 /* ReverseGeocoderHelper.swift */,
				3D955C3F2F8AD50D001B06DF /* LOCATION_UI_FIXES_AND_ARCHITECTURE_CHANGE.md */,
				3D955C412F8AD66A001B06DF /* LOCATION_REFERENCE_MIGRATION_PLAN.md */,
				3D955C432F8AD752001B06DF /* TRAVEL_HISTORY_LIST_JUMP_FIX.md */,
				3D955C452F8AD8F4001B06DF /* CRITICAL_STATE_FIELD_NOT_SAVING_FIX.md */,
				3D955C472F8AD9BD001B06DF /* TRAVEL_HISTORY_LOCATION_VIEW_JUMP_FIX.md */,
				3D955C492F8ADD2B001B06DF /* TRAVEL_HISTORY_DRILL_DOWN_NAVIGATION.md */,
			);
			path = EditUpdateView;
			sourceTree = "<group>";
		};
		3DD0AAB129A6EAD1003625C1 /* CalendarViewTab */ = {
			isa = PBXGroup;
			children = (
				3DD0AAB229A6EAD1003625C1 /* DaysEvents.swift */,
				3DD0AAB329A6EAD1003625C1 /* EventsCalendarView.swift */,
				3DD0AAB429A6EAD1003625C1 /* CalendarView.swift */,
			);
			path = CalendarViewTab;
			sourceTree = "<group>";
		};
		3DD0AAB529A6EAD1003625C1 /* ListView Tab */ = {
			isa = PBXGroup;
			children = (
				3DD0AAB629A6EAD1003625C1 /* LocationLiistViewRow.swift */,
				3DD0AAB729A6EAD1003625C1 /* ListViewRow.swift */,
				3DD0AAB829A6EAD1003625C1 /* LocationsListView.swift */,
				3DD0AAB929A6EAD1003625C1 /* EventsListView.swift */,
				3D09FBD82EF61F6E001376B9 /* OtherCitiesListView.swift.swift */,
				3DEB4FF62F70634A004B6339 /* LocationsUnifiedView.swift */,
				3D5176B52F720ADC00231C27 /* InfographicsView.swift */,
				3D98EC9B2F742E4600C5B8C0 /* ModernEventsCalendarView.swift */,
				3D98ECA72F74320300C5B8C0 /* ModernEventFormView.swift */,
				3D98ECAF2F74368100C5B8C0 /* DefaultLocationSettingsView.swift */,
				3DB4B3352F74816A00E0A42C /* LocationsManagementView.swift */,
				3DB4B3372F74817000E0A42C /* DefaultLocationHelper.swift */,
				3DB4B3412F74824A00E0A42C /* LOCATION_MANAGEMENT_VISUAL_GUIDE.swift */,
				3DB4B3452F74989E00E0A42C /* LocationSheetEditorModel.swift */,
				3DB4B34B2F74A21700E0A42C /* StateDetector.swift */,
				3DB4B3552F75229900E0A42C /* InfographicsCacheManager.swift */,
				3DB4B3572F7522A500E0A42C /* DataStore+InfographicsCache.swift */,
				3DDD0BDF2F75B94500B2E5EB /* ImportGolfshotView.swift */,
				3DDD0BE92F76D8AA00B2E5EB /* RestoreBackupView.swift */,
				3D19B6922F7CB47100F17C49 /* Affirmation.swift */,
				3D19B6942F7CB50F00F17C49 /* AffirmationsLibraryView.swift */,
				3D19B6962F7D624700F17C49 /* AffirmationEditorView.swift */,
				3D19B6972F7D624700F17C49 /* AffirmationSelectorView.swift */,
				3D19B69E2F7DA49200F17C49 /* ManagementView.swift */,
				3DB2C2D12F82ECF30048A585 /* WIZARD_AFFIRMATIONS_FEATURE.md */,
				3DB2C2D32F82F21F0048A585 /* AFFIRMATIONS_BACKUP_IMPORT.md */,
				3DB2C2D52F82F5510048A585 /* AFFIRMATIONS_IMPORT_BUG_FIX.md */,
				3DB2C2D72F82F6250048A585 /* CRITICAL_BUGS_FIXED.md */,
				3DB2C2D92F8305870048A585 /* IMPORT_UX_IMPROVEMENTS.md */,
				3DA98EEB2F8606AE003B46BA /* INFOGRAPHICS_SHARE_FIX.md */,
				3DA98EED2F8607B8003B46BA /* SHARE_BUTTON_ACTUAL_FIX.md */,
				3D5BED3F2F8A94F900C98261 /* EDIT_EVENT_COORDINATES_UPDATE.md */,
				3D5BED412F8A982C00C98261 /* LONGITUDE_DEBUG_LOGGING.md */,
				3D5BED432F8AA8E800C98261 /* CITY_NAME_UNKNOWN_FIX.md */,
				3D955C3B2F8AC3B3001B06DF /* LOCATION_MANAGEMENT_ENHANCEMENTS.md */,
				3D955C3D2F8AC583001B06DF /* LOCATION_MANAGEMENT_ENHANCEMENTS 2.md */,
			);
			path = "ListView Tab";
			sourceTree = "<group>";
		};
		3DD0AACC29A6EB13003625C1 /* Extensions */ = {
			isa = PBXGroup;
			children = (
				3DD0AACD29A6EB13003625C1 /* Date+Extension.swift */,
			);
			path = Extensions;
			sourceTree = "<group>";
		};
/* End PBXGroup section */

/* Begin PBXNativeTarget section */
		3DA98F3B2F86F0E2003B46BA /* LocTracWidgetExtensionExtension */ = {
			isa = PBXNativeTarget;
			buildConfigurationList = 3DA98F522F86F0E5003B46BA /* Build configuration list for PBXNativeTarget "LocTracWidgetExtensionExtension" */;
			buildPhases = (
				3DA98F382F86F0E2003B46BA /* Sources */,
				3DA98F392F86F0E2003B46BA /* Frameworks */,
				3DA98F3A2F86F0E2003B46BA /* Resources */,
			);
			buildRules = (
			);
			dependencies = (
			);
			fileSystemSynchronizedGroups = (
				3DA98F422F86F0E2003B46BA /* LocTracWidgetExtension */,
			);
			name = LocTracWidgetExtensionExtension;
			packageProductDependencies = (
			);
			productName = LocTracWidgetExtensionExtension;
			productReference = 3DA98F3C2F86F0E2003B46BA /* LocTracWidgetExtensionExtension.appex */;
			productType = "com.apple.product-type.app-extension";
		};
		3DD0AA8429A6EA0C003625C1 /* LocTrac */ = {
			isa = PBXNativeTarget;
			buildConfigurationList = 3DD0AA9329A6EA0E003625C1 /* Build configuration list for PBXNativeTarget "LocTrac" */;
			buildPhases = (
				3DD0AA8129A6EA0C003625C1 /* Sources */,
				3DD0AA8229A6EA0C003625C1 /* Frameworks */,
				3DD0AA8329A6EA0C003625C1 /* Resources */,
				3DA98F552F86F0E5003B46BA /* Embed Foundation Extensions */,
			);
			buildRules = (
			);
			dependencies = (
				3DA98F4F2F86F0E5003B46BA /* PBXTargetDependency */,
			);
			fileSystemSynchronizedGroups = (
				3D1E89712F8D9CDD0068BD33 /* Debug */,
				3D85466E2F7F0BB700E9FF13 /* Trips */,
			);
			name = LocTrac;
			productName = LocTrac;
			productReference = 3DD0AA8529A6EA0C003625C1 /* LocTrac.app */;
			productType = "com.apple.product-type.application";
		};
/* End PBXNativeTarget section */

/* Begin PBXProject section */
		3DD0AA7D29A6EA0C003625C1 /* Project object */ = {
			isa = PBXProject;
			attributes = {
				BuildIndependentTargetsInParallel = 1;
				LastSwiftUpdateCheck = 2610;
				LastUpgradeCheck = 2610;
				TargetAttributes = {
					3DA98F3B2F86F0E2003B46BA = {
						CreatedOnToolsVersion = 26.1;
					};
					3DD0AA8429A6EA0C003625C1 = {
						CreatedOnToolsVersion = 14.2;
					};
				};
			};
			buildConfigurationList = 3DD0AA8029A6EA0C003625C1 /* Build configuration list for PBXProject "LocTrac" */;
			compatibilityVersion = "Xcode 14.0";
			developmentRegion = en;
			hasScannedForEncodings = 0;
			knownRegions = (
				en,
				Base,
			);
			mainGroup = 3DD0AA7C29A6EA0C003625C1;
			productRefGroup = 3DD0AA8629A6EA0C003625C1 /* Products */;
			projectDirPath = "";
			projectRoot = "";
			targets = (
				3DD0AA8429A6EA0C003625C1 /* LocTrac */,
				3DA98F3B2F86F0E2003B46BA /* LocTracWidgetExtensionExtension */,
			);
		};
/* End PBXProject section */

/* Begin PBXResourcesBuildPhase section */
		3DA98F3A2F86F0E2003B46BA /* Resources */ = {
			isa = PBXResourcesBuildPhase;
			buildActionMask = 2147483647;
			files = (
			);
			runOnlyForDeploymentPostprocessing = 0;
		};
		3DD0AA8329A6EA0C003625C1 /* Resources */ = {
			isa = PBXResourcesBuildPhase;
			buildActionMask = 2147483647;
			files = (
				3DD5BC5B2F8E882500C8A195 /* claude.md in Resources */,
				3D063BA02F89B4EB00B4458A /* CHANGELOG.md in Resources */,
				3D063BA12F89B4EB00B4458A /* README.md in Resources */,
				3D063BA22F89B4EB00B4458A /* LICENSE.md in Resources */,
				3D955C4E2F8AE634001B06DF /* PHASE1_STATE_FIELD_DATA_LAYER_COMPLETE.md in Resources */,
				3D955C402F8AD50D001B06DF /* LOCATION_UI_FIXES_AND_ARCHITECTURE_CHANGE.md in Resources */,
				3D955C3E2F8AC583001B06DF /* LOCATION_MANAGEMENT_ENHANCEMENTS 2.md in Resources */,
				3DD5BC672F8E8B2B00C8A195 /* VERSION_1.5_CHECKLIST.md in Resources */,
				3D955C4A2F8ADD2B001B06DF /* TRAVEL_HISTORY_DRILL_DOWN_NAVIGATION.md in Resources */,
				3DD5BC612F8E88D200C8A195 /* VERSION_1.5_SUMMARY.md in Resources */,
				3D955C4C2F8AE2F8001B06DF /* V15_STATE_FIELD_COMPREHENSIVE_AUDIT.md in Resources */,
				3D7C1B992F8FD98D008032B9 /* VERSION_1.5_RELEASE_NOTES.md in Resources */,
				3D5BED402F8A94F900C98261 /* EDIT_EVENT_COORDINATES_UPDATE.md in Resources */,
				3D955C522F8AEF86001B06DF /* PHASE2_FINAL_STEPS.md in Resources */,
				3D955C502F8AEBE9001B06DF /* PHASE2_COMPLETION_INSTRUCTIONS.md in Resources */,
				3D955C462F8AD8F4001B06DF /* CRITICAL_STATE_FIELD_NOT_SAVING_FIX.md in Resources */,
				3D955C482F8AD9BD001B06DF /* TRAVEL_HISTORY_LOCATION_VIEW_JUMP_FIX.md in Resources */,
				3D955C3C2F8AC3B3001B06DF /* LOCATION_MANAGEMENT_ENHANCEMENTS.md in Resources */,
				3DD5BC5D2F8E887000C8A195 /* ProjectAnalysis.md in Resources */,
				3D955C442F8AD752001B06DF /* TRAVEL_HISTORY_LIST_JUMP_FIX.md in Resources */,
				3DD5BC652F8E8AEB00C8A195 /* VERSION_1.5_COMPLETE_SUMMARY.md in Resources */,
				3DD0AA9029A6EA0E003625C1 /* Preview Assets.xcassets in Resources */,
				3DD5BC5F2F8E889A00C8A195 /* Changelog.md in Resources */,
				3DD0AA8D29A6EA0E003625C1 /* Assets.xcassets in Resources */,
				3D5BED442F8AA8E800C98261 /* CITY_NAME_UNKNOWN_FIX.md in Resources */,
				3D955C422F8AD66A001B06DF /* LOCATION_REFERENCE_MIGRATION_PLAN.md in Resources */,
				3DD0AACB29A6EAED003625C1 /* Launch Screen.storyboard in Resources */,
				3D5BED422F8A982C00C98261 /* LONGITUDE_DEBUG_LOGGING.md in Resources */,
			);
			runOnlyForDeploymentPostprocessing = 0;
		};
/* End PBXResourcesBuildPhase section */

/* Begin PBXSourcesBuildPhase section */
		3DA98F382F86F0E2003B46BA /* Sources */ = {
			isa = PBXSourcesBuildPhase;
			buildActionMask = 2147483647;
			files = (
				3DA98F572F86F1F6003B46BA /* Affirmation.swift in Sources */,
			);
			runOnlyForDeploymentPostprocessing = 0;
		};
		3DD0AA8129A6EA0C003625C1 /* Sources */ = {
			isa = PBXSourcesBuildPhase;
			buildActionMask = 2147483647;
			files = (
				3DD0409A2F88AAE1006C2A9A /* LocationCoordinateUpdater.swift in Sources */,
				3DD0AACE29A6EB13003625C1 /* Date+Extension.swift in Sources */,
				3D065F4F29DD02200078E77A /* LocationMapAnnotationView.swift in Sources */,
				3DD040A42F88AD89006C2A9A /* BackupExportView.swift in Sources */,
				3DD040A22F88AC8C006C2A9A /* PendingTripItem.swift in Sources */,
				3DD6713A29CB897800E54846 /* CardView.swift in Sources */,
				3DD0409C2F88AB83006C2A9A /* NotificationManager.swift in Sources */,
				3DD040982F88AA93006C2A9A /* LocationsMapViewModel.swift in Sources */,
				3DD0AABF29A6EAD1003625C1 /* EventFormType.swift in Sources */,
				3DDD0BE02F75B94500B2E5EB /* ImportGolfshotView.swift in Sources */,
				3DA34F792EFC9FF900C9255D /* ImageStore.swift in Sources */,
				3DD0AAC829A6EAD1003625C1 /* LocationsListView.swift in Sources */,
				3D065F4E29DD02200078E77A /* LocationPreviewView.swift in Sources */,
				3DAFFE1F2F78FE840075F790 /* InfographicsView.swift in Sources */,
				3DDD0BEA2F76D8AA00B2E5EB /* RestoreBackupView.swift in Sources */,
				3DEA7F3C29B15BE0004F67EF /* ImportExport.swift in Sources */,
				3DB4B3582F7522A500E0A42C /* DataStore+InfographicsCache.swift in Sources */,
				3D955C952F8C3831001B06DF /* LocationDataEnhancer.swift in Sources */,
				3D09FBD92EF61F89001376B9 /* OtherCitiesListView.swift.swift in Sources */,
				3D1E89562F8D80CD0068BD33 /* CountryNameMapper.swift in Sources */,
				3D98EC9C2F742E4700C5B8C0 /* ModernEventsCalendarView.swift in Sources */,
				3DD0AABA29A6EAD1003625C1 /* LocationFormViewModel.swift in Sources */,
				3D5176882F71CB8B00231C27 /* FirstLaunchWizard.swift in Sources */,
				3DB2C2BE2F82C97D0048A585 /* AppVersionManager.swift in Sources */,
				3D98ECA82F74320300C5B8C0 /* ModernEventFormView.swift in Sources */,
				3D955C8F2F8B119D001B06DF /* CountryCodeMapper.swift in Sources */,
				3DD040AA2F88AE18006C2A9A /* LocationCoordinateReviewView.swift in Sources */,
				3DD0AAC729A6EAD1003625C1 /* ListViewRow.swift in Sources */,
				3DB2C2C42F82C9A10048A585 /* MarkdownDocumentView.swift in Sources */,
				3D7C1B932F8FD41F008032B9 /* ReleaseNotesParser.swift in Sources */,
				3DD4F8A02F7821CB00AD9370 /* HomeView.swift in Sources */,
				3DD0AABD29A6EAD1003625C1 /* LocationFormView.swift in Sources */,
				3DB4B3362F74816A00E0A42C /* LocationsManagementView.swift in Sources */,
				3D481E9629B8DC8D0016C6ED /* ThemeView.swift in Sources */,
				3DD040B22F88B550006C2A9A /* EnhancedGeocoder.swift in Sources */,
				3D32CE772F6F112500CEC497 /* ReverseGeocoderHelper.swift in Sources */,
				3DA34F7B2EFD9B5100C9255D /* Person.swift in Sources */,
				3DD5BC752F8E98D800C8A195 /* OrphanedEventsAnalyzerView.swift in Sources */,
				3DD0409E2F88ABFA006C2A9A /* StartTabView.swift in Sources */,
				3D51768C2F71CBC000231C27 /* RootView.swift in Sources */,
				3DD040A82F88ADE8006C2A9A /* LocationSyncUtilityView.swift in Sources */,
				3DB4B3462F74989E00E0A42C /* LocationSheetEditorModel.swift in Sources */,
				3DB2C2C22F82C9980048A585 /* WhatsNewView.swift in Sources */,
				3DD0AAC429A6EAD1003625C1 /* EventsCalendarView.swift in Sources */,
				3DEB4FF72F70634A004B6339 /* LocationsUnifiedView.swift in Sources */,
				3D1E00172F7997E7004BC4D3 /* TravelHistoryView.swift in Sources */,
				3DB2C2C02F82C9890048A585 /* WhatsNewFeature.swift in Sources */,
				3DB4B3422F74824A00E0A42C /* LOCATION_MANAGEMENT_VISUAL_GUIDE.swift in Sources */,
				3D008D4229B67F8300AD3565 /* DonutChartView.swift in Sources */,
				3D065F5029DD02200078E77A /* LocationDetailView.swift in Sources */,
				3DD040AE2F88AE53006C2A9A /* ReverseGeocoder.swift in Sources */,
				3D065F4D29DD02200078E77A /* LocationsView.swift in Sources */,
				3D481E9429B8DB0E0016C6ED /* ThemePicker.swift in Sources */,
				3D742BDB2F7A15D200DCD5B5 /* TripRefreshView.swift in Sources */,
				3D43857B29E5B5D900ED1E6A /* LocationManager.swift in Sources */,
				3D955C992F8C4BE7001B06DF /* USStateCodeMapper.swift in Sources */,
				3DB4B34C2F74A21700E0A42C /* StateDetector.swift in Sources */,
				3D98ECB02F74368100C5B8C0 /* DefaultLocationSettingsView.swift in Sources */,
				3D1E896C2F8D99710068BD33 /* DebugConfig.swift in Sources */,
				3DD040962F88A976006C2A9A /* Activity.swift in Sources */,
				3DD5BC732F8E93EE00C8A195 /* OrphanedEventsAnalyzer.swift in Sources */,
				3DD0AABE29A6EAD1003625C1 /* LocationFormType.swift in Sources */,
				3DEB50132F709068004B6339 /* TravelJourneyView.swift in Sources */,
				3D008D3D29B67B8300AD3565 /* Charts.swift in Sources */,
				3DD0AAC529A6EAD1003625C1 /* CalendarView.swift in Sources */,
				3D065F5129DD02200078E77A /* LocationsMapListView.swift in Sources */,
				3D19B6952F7CB50F00F17C49 /* AffirmationsLibraryView.swift in Sources */,
				3DEA7F1629B0E57F004F67EF /* DataStore.swift in Sources */,
				3D19B6932F7CB47100F17C49 /* Affirmation.swift in Sources */,
				3DD0AABC29A6EAD1003625C1 /* EventFormView.swift in Sources */,
				3DD040A02F88AC24006C2A9A /* ContactsSearchPicker.swift in Sources */,
				3D481E9229B8D7D00016C6ED /* Theme.swift in Sources */,
				3DD0AAA029A6EAB8003625C1 /* Locations.swift in Sources */,
				3DD0AAC329A6EAD1003625C1 /* DaysEvents.swift in Sources */,
				3DD0AA9929A6EA96003625C1 /* AppEntry.swift in Sources */,
				3D2CC2572F7B599E00CC0BF1 /* TimelineRestoreView.swift in Sources */,
				3D063B9D2F89B20C00B4458A /* AboutLocTracView.swift in Sources */,
				3DB4B3562F75229900E0A42C /* InfographicsCacheManager.swift in Sources */,
				3DD0AAC929A6EAD1003625C1 /* EventsListView.swift in Sources */,
				3DD0AAC629A6EAD1003625C1 /* LocationLiistViewRow.swift in Sources */,
				3DD0AAA129A6EAB8003625C1 /* Event.swift in Sources */,
				3D19B6982F7D624700F17C49 /* AffirmationSelectorView.swift in Sources */,
				3DD040B02F88B543006C2A9A /* GeocodeResult.swift in Sources */,
				3D19B6992F7D624700F17C49 /* AffirmationEditorView.swift in Sources */,
				3DEB50092F707CE9004B6339 /* OtherCityDetailView.swift in Sources */,
				3DD0AABB29A6EAD1003625C1 /* EventFormViewModel.swift in Sources */,
				3D955C932F8C0285001B06DF /* LocationDataEnhancementView.swift in Sources */,
				3DEB50032F707936004B6339 /* OtherEventDetailView.swift in Sources */,
				3DB4B3382F74817000E0A42C /* DefaultLocationHelper.swift in Sources */,
				3D19B69F2F7DA49200F17C49 /* ManagementView.swift in Sources */,
			);
			runOnlyForDeploymentPostprocessing = 0;
		};
/* End PBXSourcesBuildPhase section */

/* Begin PBXTargetDependency section */
		3DA98F4F2F86F0E5003B46BA /* PBXTargetDependency */ = {
			isa = PBXTargetDependency;
			target = 3DA98F3B2F86F0E2003B46BA /* LocTracWidgetExtensionExtension */;
			targetProxy = 3DA98F4E2F86F0E5003B46BA /* PBXContainerItemProxy */;
		};
/* End PBXTargetDependency section */

/* Begin XCBuildConfiguration section */
		3DA98F532F86F0E5003B46BA /* Debug */ = {
			isa = XCBuildConfiguration;
			buildSettings = {
				ASSETCATALOG_COMPILER_GENERATE_SWIFT_ASSET_SYMBOL_EXTENSIONS = YES;
				ASSETCATALOG_COMPILER_GLOBAL_ACCENT_COLOR_NAME = AccentColor;
				ASSETCATALOG_COMPILER_WIDGET_BACKGROUND_COLOR_NAME = WidgetBackground;
				CODE_SIGN_STYLE = Automatic;
				CURRENT_PROJECT_VERSION = 1;
				GCC_C_LANGUAGE_STANDARD = gnu17;
				GENERATE_INFOPLIST_FILE = YES;
				INFOPLIST_FILE = LocTracWidgetExtension/Info.plist;
				INFOPLIST_KEY_CFBundleDisplayName = LocTracWidgetExtension;
				INFOPLIST_KEY_NSHumanReadableCopyright = "";
				IPHONEOS_DEPLOYMENT_TARGET = 26.1;
				LD_RUNPATH_SEARCH_PATHS = (
					"$(inherited)",
					"@executable_path/Frameworks",
					"@executable_path/../../Frameworks",
				);
				LOCALIZATION_PREFERS_STRING_CATALOGS = YES;
				MARKETING_VERSION = 1.5;
				PRODUCT_BUNDLE_IDENTIFIER = TimOrg.LocTrac.LocTracWidgetExtension;
				PRODUCT_NAME = "$(TARGET_NAME)";
				SKIP_INSTALL = YES;
				STRING_CATALOG_GENERATE_SYMBOLS = YES;
				SWIFT_ACTIVE_COMPILATION_CONDITIONS = "DEBUG $(inherited)";
				SWIFT_APPROACHABLE_CONCURRENCY = YES;
				SWIFT_EMIT_LOC_STRINGS = YES;
				SWIFT_UPCOMING_FEATURE_MEMBER_IMPORT_VISIBILITY = YES;
				SWIFT_VERSION = 5.0;
				TARGETED_DEVICE_FAMILY = "1,2";
			};
			name = Debug;
		};
		3DA98F542F86F0E5003B46BA /* Release */ = {
			isa = XCBuildConfiguration;
			buildSettings = {
				ASSETCATALOG_COMPILER_GENERATE_SWIFT_ASSET_SYMBOL_EXTENSIONS = YES;
				ASSETCATALOG_COMPILER_GLOBAL_ACCENT_COLOR_NAME = AccentColor;
				ASSETCATALOG_COMPILER_WIDGET_BACKGROUND_COLOR_NAME = WidgetBackground;
				CODE_SIGN_STYLE = Automatic;
				CURRENT_PROJECT_VERSION = 1;
				GCC_C_LANGUAGE_STANDARD = gnu17;
				GENERATE_INFOPLIST_FILE = YES;
				INFOPLIST_FILE = LocTracWidgetExtension/Info.plist;
				INFOPLIST_KEY_CFBundleDisplayName = LocTracWidgetExtension;
				INFOPLIST_KEY_NSHumanReadableCopyright = "";
				IPHONEOS_DEPLOYMENT_TARGET = 26.1;
				LD_RUNPATH_SEARCH_PATHS = (
					"$(inherited)",
					"@executable_path/Frameworks",
					"@executable_path/../../Frameworks",
				);
				LOCALIZATION_PREFERS_STRING_CATALOGS = YES;
				MARKETING_VERSION = 1.5;
				PRODUCT_BUNDLE_IDENTIFIER = TimOrg.LocTrac.LocTracWidgetExtension;
				PRODUCT_NAME = "$(TARGET_NAME)";
				SKIP_INSTALL = YES;
				STRING_CATALOG_GENERATE_SYMBOLS = YES;
				SWIFT_APPROACHABLE_CONCURRENCY = YES;
				SWIFT_EMIT_LOC_STRINGS = YES;
				SWIFT_UPCOMING_FEATURE_MEMBER_IMPORT_VISIBILITY = YES;
				SWIFT_VERSION = 5.0;
				TARGETED_DEVICE_FAMILY = "1,2";
			};
			name = Release;
		};
		3DD0AA9129A6EA0E003625C1 /* Debug */ = {
			isa = XCBuildConfiguration;
			buildSettings = {
				ALWAYS_SEARCH_USER_PATHS = NO;
				CLANG_ANALYZER_NONNULL = YES;
				CLANG_ANALYZER_NUMBER_OBJECT_CONVERSION = YES_AGGRESSIVE;
				CLANG_CXX_LANGUAGE_STANDARD = "gnu++20";
				CLANG_ENABLE_MODULES = YES;
				CLANG_ENABLE_OBJC_ARC = YES;
				CLANG_ENABLE_OBJC_WEAK = YES;
				CLANG_WARN_BLOCK_CAPTURE_AUTORELEASING = YES;
				CLANG_WARN_BOOL_CONVERSION = YES;
				CLANG_WARN_COMMA = YES;
				CLANG_WARN_CONSTANT_CONVERSION = YES;
				CLANG_WARN_DEPRECATED_OBJC_IMPLEMENTATIONS = YES;
				CLANG_WARN_DIRECT_OBJC_ISA_USAGE = YES_ERROR;
				CLANG_WARN_DOCUMENTATION_COMMENTS = YES;
				CLANG_WARN_EMPTY_BODY = YES;
				CLANG_WARN_ENUM_CONVERSION = YES;
				CLANG_WARN_INFINITE_RECURSION = YES;
				CLANG_WARN_INT_CONVERSION = YES;
				CLANG_WARN_NON_LITERAL_NULL_CONVERSION = YES;
				CLANG_WARN_OBJC_IMPLICIT_RETAIN_SELF = YES;
				CLANG_WARN_OBJC_LITERAL_CONVERSION = YES;
				CLANG_WARN_OBJC_ROOT_CLASS = YES_ERROR;
				CLANG_WARN_QUOTED_INCLUDE_IN_FRAMEWORK_HEADER = YES;
				CLANG_WARN_RANGE_LOOP_ANALYSIS = YES;
				CLANG_WARN_STRICT_PROTOTYPES = YES;
				CLANG_WARN_SUSPICIOUS_MOVE = YES;
				CLANG_WARN_UNGUARDED_AVAILABILITY = YES_AGGRESSIVE;
				CLANG_WARN_UNREACHABLE_CODE = YES;
				CLANG_WARN__DUPLICATE_METHOD_MATCH = YES;
				COPY_PHASE_STRIP = NO;
				DEBUG_INFORMATION_FORMAT = dwarf;
				DEVELOPMENT_TEAM = P9SQ5C2UHQ;
				ENABLE_STRICT_OBJC_MSGSEND = YES;
				ENABLE_TESTABILITY = YES;
				ENABLE_USER_SCRIPT_SANDBOXING = YES;
				GCC_C_LANGUAGE_STANDARD = gnu11;
				GCC_DYNAMIC_NO_PIC = NO;
				GCC_NO_COMMON_BLOCKS = YES;
				GCC_OPTIMIZATION_LEVEL = 0;
				GCC_PREPROCESSOR_DEFINITIONS = (
					"DEBUG=1",
					"$(inherited)",
				);
				GCC_WARN_64_TO_32_BIT_CONVERSION = YES;
				GCC_WARN_ABOUT_RETURN_TYPE = YES_ERROR;
				GCC_WARN_UNDECLARED_SELECTOR = YES;
				GCC_WARN_UNINITIALIZED_AUTOS = YES_AGGRESSIVE;
				GCC_WARN_UNUSED_FUNCTION = YES;
				GCC_WARN_UNUSED_VARIABLE = YES;
				IPHONEOS_DEPLOYMENT_TARGET = 16.2;
				MTL_ENABLE_DEBUG_INFO = INCLUDE_SOURCE;
				MTL_FAST_MATH = YES;
				ONLY_ACTIVE_ARCH = YES;
				SDKROOT = iphoneos;
				STRING_CATALOG_GENERATE_SYMBOLS = YES;
				SWIFT_ACTIVE_COMPILATION_CONDITIONS = DEBUG;
				SWIFT_OPTIMIZATION_LEVEL = "-Onone";
			};
			name = Debug;
		};
		3DD0AA9229A6EA0E003625C1 /* Release */ = {
			isa = XCBuildConfiguration;
			buildSettings = {
				ALWAYS_SEARCH_USER_PATHS = NO;
				CLANG_ANALYZER_NONNULL = YES;
				CLANG_ANALYZER_NUMBER_OBJECT_CONVERSION = YES_AGGRESSIVE;
				CLANG_CXX_LANGUAGE_STANDARD = "gnu++20";
				CLANG_ENABLE_MODULES = YES;
				CLANG_ENABLE_OBJC_ARC = YES;
				CLANG_ENABLE_OBJC_WEAK = YES;
				CLANG_WARN_BLOCK_CAPTURE_AUTORELEASING = YES;
				CLANG_WARN_BOOL_CONVERSION = YES;
				CLANG_WARN_COMMA = YES;
				CLANG_WARN_CONSTANT_CONVERSION = YES;
				CLANG_WARN_DEPRECATED_OBJC_IMPLEMENTATIONS = YES;
				CLANG_WARN_DIRECT_OBJC_ISA_USAGE = YES_ERROR;
				CLANG_WARN_DOCUMENTATION_COMMENTS = YES;
				CLANG_WARN_EMPTY_BODY = YES;
				CLANG_WARN_ENUM_CONVERSION = YES;
				CLANG_WARN_INFINITE_RECURSION = YES;
				CLANG_WARN_INT_CONVERSION = YES;
				CLANG_WARN_NON_LITERAL_NULL_CONVERSION = YES;
				CLANG_WARN_OBJC_IMPLICIT_RETAIN_SELF = YES;
				CLANG_WARN_OBJC_LITERAL_CONVERSION = YES;
				CLANG_WARN_OBJC_ROOT_CLASS = YES_ERROR;
				CLANG_WARN_QUOTED_INCLUDE_IN_FRAMEWORK_HEADER = YES;
				CLANG_WARN_RANGE_LOOP_ANALYSIS = YES;
				CLANG_WARN_STRICT_PROTOTYPES = YES;
				CLANG_WARN_SUSPICIOUS_MOVE = YES;
				CLANG_WARN_UNGUARDED_AVAILABILITY = YES_AGGRESSIVE;
				CLANG_WARN_UNREACHABLE_CODE = YES;
				CLANG_WARN__DUPLICATE_METHOD_MATCH = YES;
				COPY_PHASE_STRIP = NO;
				DEBUG_INFORMATION_FORMAT = "dwarf-with-dsym";
				DEVELOPMENT_TEAM = P9SQ5C2UHQ;
				ENABLE_NS_ASSERTIONS = NO;
				ENABLE_STRICT_OBJC_MSGSEND = YES;
				ENABLE_USER_SCRIPT_SANDBOXING = YES;
				GCC_C_LANGUAGE_STANDARD = gnu11;
				GCC_NO_COMMON_BLOCKS = YES;
				GCC_WARN_64_TO_32_BIT_CONVERSION = YES;
				GCC_WARN_ABOUT_RETURN_TYPE = YES_ERROR;
				GCC_WARN_UNDECLARED_SELECTOR = YES;
				GCC_WARN_UNINITIALIZED_AUTOS = YES_AGGRESSIVE;
				GCC_WARN_UNUSED_FUNCTION = YES;
				GCC_WARN_UNUSED_VARIABLE = YES;
				IPHONEOS_DEPLOYMENT_TARGET = 16.2;
				MTL_ENABLE_DEBUG_INFO = NO;
				MTL_FAST_MATH = YES;
				SDKROOT = iphoneos;
				STRING_CATALOG_GENERATE_SYMBOLS = YES;
				SWIFT_COMPILATION_MODE = wholemodule;
				SWIFT_OPTIMIZATION_LEVEL = "-O";
				VALIDATE_PRODUCT = YES;
			};
			name = Release;
		};
		3DD0AA9429A6EA0E003625C1 /* Debug */ = {
			isa = XCBuildConfiguration;
			buildSettings = {
				ASSETCATALOG_COMPILER_APPICON_NAME = AppIcon;
				ASSETCATALOG_COMPILER_GLOBAL_ACCENT_COLOR_NAME = AccentColor;
				CODE_SIGN_ENTITLEMENTS = LocTrac/LocTrac.entitlements;
				CODE_SIGN_STYLE = Automatic;
				CURRENT_PROJECT_VERSION = 1;
				DEVELOPMENT_ASSET_PATHS = "\"LocTrac/Preview Content\"";
				EMBED_ASSET_PACKS_IN_PRODUCT_BUNDLE = YES;
				ENABLE_PREVIEWS = YES;
				GENERATE_INFOPLIST_FILE = YES;
				INFOPLIST_FILE = LocTrac/Info.plist;
				INFOPLIST_KEY_CFBundleDisplayName = LocTrac;
				INFOPLIST_KEY_LSApplicationCategoryType = "public.app-category.lifestyle";
				INFOPLIST_KEY_LSSupportsOpeningDocumentsInPlace = YES;
				INFOPLIST_KEY_NSContactsUsageDescription = "Access your contacts to easily tag people in your location events.";
				INFOPLIST_KEY_NSLocationWhenInUseUsageDescription = "LocTrac uses your location to automatically detect and populate location details when adding new places and events.";
				INFOPLIST_KEY_NSPhotoLibraryUsageDescription = "LocTrac needs access to your photo library so you can add photos to your locations and events to remember special moments";
				INFOPLIST_KEY_UIApplicationSceneManifest_Generation = YES;
				INFOPLIST_KEY_UIApplicationSupportsIndirectInputEvents = YES;
				INFOPLIST_KEY_UILaunchScreen_Generation = YES;
				INFOPLIST_KEY_UISupportedInterfaceOrientations_iPad = "UIInterfaceOrientationPortrait UIInterfaceOrientationPortraitUpsideDown UIInterfaceOrientationLandscapeLeft UIInterfaceOrientationLandscapeRight";
				INFOPLIST_KEY_UISupportedInterfaceOrientations_iPhone = "UIInterfaceOrientationPortrait UIInterfaceOrientationLandscapeLeft UIInterfaceOrientationLandscapeRight";
				IPHONEOS_DEPLOYMENT_TARGET = 17.6;
				LD_RUNPATH_SEARCH_PATHS = (
					"$(inherited)",
					"@executable_path/Frameworks",
				);
				MARKETING_VERSION = 1.5;
				PRODUCT_BUNDLE_IDENTIFIER = TimOrg.LocTrac;
				PRODUCT_NAME = "$(TARGET_NAME)";
				SWIFT_EMIT_LOC_STRINGS = YES;
				SWIFT_VERSION = 5.0;
				TARGETED_DEVICE_FAMILY = "1,2";
			};
			name = Debug;
		};
		3DD0AA9529A6EA0E003625C1 /* Release */ = {
			isa = XCBuildConfiguration;
			buildSettings = {
				ASSETCATALOG_COMPILER_APPICON_NAME = AppIcon;
				ASSETCATALOG_COMPILER_GLOBAL_ACCENT_COLOR_NAME = AccentColor;
				CODE_SIGN_ENTITLEMENTS = LocTrac/LocTrac.entitlements;
				CODE_SIGN_STYLE = Automatic;
				CURRENT_PROJECT_VERSION = 1;
				DEVELOPMENT_ASSET_PATHS = "\"LocTrac/Preview Content\"";
				EMBED_ASSET_PACKS_IN_PRODUCT_BUNDLE = YES;
				ENABLE_PREVIEWS = YES;
				GENERATE_INFOPLIST_FILE = YES;
				INFOPLIST_FILE = LocTrac/Info.plist;
				INFOPLIST_KEY_CFBundleDisplayName = LocTrac;
				INFOPLIST_KEY_LSApplicationCategoryType = "public.app-category.lifestyle";
				INFOPLIST_KEY_LSSupportsOpeningDocumentsInPlace = YES;
				INFOPLIST_KEY_NSContactsUsageDescription = "Access your contacts to easily tag people in your location events.";
				INFOPLIST_KEY_NSLocationWhenInUseUsageDescription = "LocTrac uses your location to automatically detect and populate location details when adding new places and events.";
				INFOPLIST_KEY_NSPhotoLibraryUsageDescription = "LocTrac needs access to your photo library so you can add photos to your locations and events to remember special moments";
				INFOPLIST_KEY_UIApplicationSceneManifest_Generation = YES;
				INFOPLIST_KEY_UIApplicationSupportsIndirectInputEvents = YES;
				INFOPLIST_KEY_UILaunchScreen_Generation = YES;
				INFOPLIST_KEY_UISupportedInterfaceOrientations_iPad = "UIInterfaceOrientationPortrait UIInterfaceOrientationPortraitUpsideDown UIInterfaceOrientationLandscapeLeft UIInterfaceOrientationLandscapeRight";
				INFOPLIST_KEY_UISupportedInterfaceOrientations_iPhone = "UIInterfaceOrientationPortrait UIInterfaceOrientationLandscapeLeft UIInterfaceOrientationLandscapeRight";
				IPHONEOS_DEPLOYMENT_TARGET = 17.6;
				LD_RUNPATH_SEARCH_PATHS = (
					"$(inherited)",
					"@executable_path/Frameworks",
				);
				MARKETING_VERSION = 1.5;
				PRODUCT_BUNDLE_IDENTIFIER = TimOrg.LocTrac;
				PRODUCT_NAME = "$(TARGET_NAME)";
				SWIFT_EMIT_LOC_STRINGS = YES;
				SWIFT_VERSION = 5.0;
				TARGETED_DEVICE_FAMILY = "1,2";
			};
			name = Release;
		};
/* End XCBuildConfiguration section */

/* Begin XCConfigurationList section */
		3DA98F522F86F0E5003B46BA /* Build configuration list for PBXNativeTarget "LocTracWidgetExtensionExtension" */ = {
			isa = XCConfigurationList;
			buildConfigurations = (
				3DA98F532F86F0E5003B46BA /* Debug */,
				3DA98F542F86F0E5003B46BA /* Release */,
			);
			defaultConfigurationIsVisible = 0;
			defaultConfigurationName = Release;
		};
		3DD0AA8029A6EA0C003625C1 /* Build configuration list for PBXProject "LocTrac" */ = {
			isa = XCConfigurationList;
			buildConfigurations = (
				3DD0AA9129A6EA0E003625C1 /* Debug */,
				3DD0AA9229A6EA0E003625C1 /* Release */,
			);
			defaultConfigurationIsVisible = 0;
			defaultConfigurationName = Release;
		};
		3DD0AA9329A6EA0E003625C1 /* Build configuration list for PBXNativeTarget "LocTrac" */ = {
			isa = XCConfigurationList;
			buildConfigurations = (
				3DD0AA9429A6EA0E003625C1 /* Debug */,
				3DD0AA9529A6EA0E003625C1 /* Release */,
			);
			defaultConfigurationIsVisible = 0;
			defaultConfigurationName = Release;
		};
/* End XCConfigurationList section */
	};
	rootObject = 3DD0AA7D29A6EA0C003625C1 /* Project object */;
}
